Microsoft Visual Studio Solution File, Format Version 12.00
# Visual Studio 16
Project("{2150E333-8FDC-42A3-9474-1A3956D46DE8}") = "CMakePredefinedTargets", "CMakePredefinedTargets", "{E19C22BF-E4D5-3844-BAA7-6377A8D710E0}"
EndProject
Project("{2150E333-8FDC-42A3-9474-1A3956D46DE8}") = "PhysX SDK", "PhysX SDK", "{45EEBD06-2523-35CC-906C-BC0F53F28B1D}"
EndProject
Project("{2150E333-8FDC-42A3-9474-1A3956D46DE8}") = "PhysX Samples", "PhysX Samples", "{3561A230-17D1-3E61-8575-586286DE30E5}"
EndProject
Project("{8BC9CEB8-8B4A-11D0-8D11-00A0C91BC942}") = "ALL_BUILD", "ALL_BUILD.vcxproj", "{15FBDFE4-5EEC-34D5-84EF-11518F69EC9F}"
	ProjectSection(ProjectDependencies) = postProject
		{C56FC50B-982B-3438-9FC4-06A01F8E5136} = {C56FC50B-982B-3438-9FC4-06A01F8E5136}
		{57BB2DDE-F156-36F2-830D-99BCB248FED3} = {57BB2DDE-F156-36F2-830D-99BCB248FED3}
		{538A078A-A6EF-3D99-8B71-23F04DD8789F} = {538A078A-A6EF-3D99-8B71-23F04DD8789F}
		{F9ACEDFE-97DB-3932-B6A4-5D5C7B9474AB} = {F9ACEDFE-97DB-3932-B6A4-5D5C7B9474AB}
		{AD7F54CF-D556-3808-90A6-859C5273E038} = {AD7F54CF-D556-3808-90A6-859C5273E038}
		{DFF03BF5-7AD1-3B08-9E17-9BC5015110B9} = {DFF03BF5-7AD1-3B08-9E17-9BC5015110B9}
		{43BCC4AC-9FB7-31DF-897E-622487BABF68} = {43BCC4AC-9FB7-31DF-897E-622487BABF68}
	EndProjectSection
EndProject
Project("{8BC9CEB8-8B4A-11D0-8D11-00A0C91BC942}") = "FastXml", "..\sdk_source_bin\FastXml.vcxproj", "{55245FF2-6214-3697-8EE2-64ED799E86DE}"
	ProjectSection(ProjectDependencies) = postProject
		{43BCC4AC-9FB7-31DF-897E-622487BABF68} = {43BCC4AC-9FB7-31DF-897E-622487BABF68}
	EndProjectSection
EndProject
Project("{8BC9CEB8-8B4A-11D0-8D11-00A0C91BC942}") = "INSTALL", "INSTALL.vcxproj", "{1EB2A897-BC38-3307-894B-0A21EDC08626}"
	ProjectSection(ProjectDependencies) = postProject
		{15FBDFE4-5EEC-34D5-84EF-11518F69EC9F} = {15FBDFE4-5EEC-34D5-84EF-11518F69EC9F}
		{43BCC4AC-9FB7-31DF-897E-622487BABF68} = {43BCC4AC-9FB7-31DF-897E-622487BABF68}
	EndProjectSection
EndProject
Project("{8BC9CEB8-8B4A-11D0-8D11-00A0C91BC942}") = "LowLevel", "..\sdk_source_bin\LowLevel.vcxproj", "{0E2BDDFF-7D20-3A21-88CC-3341676D84C0}"
	ProjectSection(ProjectDependencies) = postProject
		{43BCC4AC-9FB7-31DF-897E-622487BABF68} = {43BCC4AC-9FB7-31DF-897E-622487BABF68}
	EndProjectSection
EndProject
Project("{8BC9CEB8-8B4A-11D0-8D11-00A0C91BC942}") = "LowLevelAABB", "..\sdk_source_bin\LowLevelAABB.vcxproj", "{3D5D434F-86A3-34A5-AF01-96880828E99C}"
	ProjectSection(ProjectDependencies) = postProject
		{43BCC4AC-9FB7-31DF-897E-622487BABF68} = {43BCC4AC-9FB7-31DF-897E-622487BABF68}
	EndProjectSection
EndProject
Project("{8BC9CEB8-8B4A-11D0-8D11-00A0C91BC942}") = "LowLevelDynamics", "..\sdk_source_bin\LowLevelDynamics.vcxproj", "{D9FBC901-AF60-3C2C-946E-52D5AB425E33}"
	ProjectSection(ProjectDependencies) = postProject
		{43BCC4AC-9FB7-31DF-897E-622487BABF68} = {43BCC4AC-9FB7-31DF-897E-622487BABF68}
	EndProjectSection
EndProject
Project("{8BC9CEB8-8B4A-11D0-8D11-00A0C91BC942}") = "PhysX", "..\sdk_source_bin\PhysX.vcxproj", "{3C1490EE-C72C-31DB-8306-0604593C9207}"
	ProjectSection(ProjectDependencies) = postProject
		{0E2BDDFF-7D20-3A21-88CC-3341676D84C0} = {0E2BDDFF-7D20-3A21-88CC-3341676D84C0}
		{3D5D434F-86A3-34A5-AF01-96880828E99C} = {3D5D434F-86A3-34A5-AF01-96880828E99C}
		{D9FBC901-AF60-3C2C-946E-52D5AB425E33} = {D9FBC901-AF60-3C2C-946E-52D5AB425E33}
		{B9852F41-63F0-3AC8-AC7F-2F71599FE78A} = {B9852F41-63F0-3AC8-AC7F-2F71599FE78A}
		{F6EE13E1-895A-3C17-BE4F-B8AE8CF6EF6E} = {F6EE13E1-895A-3C17-BE4F-B8AE8CF6EF6E}
		{DAACA102-0CE9-3582-9B55-0C4731C8252A} = {DAACA102-0CE9-3582-9B55-0C4731C8252A}
		{C67593DA-8BDD-3B3A-8ABC-998B07B0C464} = {C67593DA-8BDD-3B3A-8ABC-998B07B0C464}
		{E32A05AA-E938-3A27-84C6-F5A960D41428} = {E32A05AA-E938-3A27-84C6-F5A960D41428}
		{04C28D17-08CD-33C7-9E81-47BBF685812F} = {04C28D17-08CD-33C7-9E81-47BBF685812F}
		{43BCC4AC-9FB7-31DF-897E-622487BABF68} = {43BCC4AC-9FB7-31DF-897E-622487BABF68}
	EndProjectSection
EndProject
Project("{8BC9CEB8-8B4A-11D0-8D11-00A0C91BC942}") = "PhysXCharacterKinematic", "..\sdk_source_bin\PhysXCharacterKinematic.vcxproj", "{FB97ADB5-D68B-342A-9CFA-367C71E2584A}"
	ProjectSection(ProjectDependencies) = postProject
		{F6EE13E1-895A-3C17-BE4F-B8AE8CF6EF6E} = {F6EE13E1-895A-3C17-BE4F-B8AE8CF6EF6E}
		{43BCC4AC-9FB7-31DF-897E-622487BABF68} = {43BCC4AC-9FB7-31DF-897E-622487BABF68}
	EndProjectSection
EndProject
Project("{8BC9CEB8-8B4A-11D0-8D11-00A0C91BC942}") = "PhysXCommon", "..\sdk_source_bin\PhysXCommon.vcxproj", "{B9852F41-63F0-3AC8-AC7F-2F71599FE78A}"
	ProjectSection(ProjectDependencies) = postProject
		{F6EE13E1-895A-3C17-BE4F-B8AE8CF6EF6E} = {F6EE13E1-895A-3C17-BE4F-B8AE8CF6EF6E}
		{43BCC4AC-9FB7-31DF-897E-622487BABF68} = {43BCC4AC-9FB7-31DF-897E-622487BABF68}
	EndProjectSection
EndProject
Project("{8BC9CEB8-8B4A-11D0-8D11-00A0C91BC942}") = "PhysXCooking", "..\sdk_source_bin\PhysXCooking.vcxproj", "{A0940FEE-4199-3EFB-9C1C-33CCF499CC6C}"
	ProjectSection(ProjectDependencies) = postProject
		{B9852F41-63F0-3AC8-AC7F-2F71599FE78A} = {B9852F41-63F0-3AC8-AC7F-2F71599FE78A}
		{F6EE13E1-895A-3C17-BE4F-B8AE8CF6EF6E} = {F6EE13E1-895A-3C17-BE4F-B8AE8CF6EF6E}
		{43BCC4AC-9FB7-31DF-897E-622487BABF68} = {43BCC4AC-9FB7-31DF-897E-622487BABF68}
	EndProjectSection
EndProject
Project("{8BC9CEB8-8B4A-11D0-8D11-00A0C91BC942}") = "PhysXExtensions", "..\sdk_source_bin\PhysXExtensions.vcxproj", "{7C7B66EF-47B6-3BDA-A4A5-A01410AFCE85}"
	ProjectSection(ProjectDependencies) = postProject
		{55245FF2-6214-3697-8EE2-64ED799E86DE} = {55245FF2-6214-3697-8EE2-64ED799E86DE}
		{3C1490EE-C72C-31DB-8306-0604593C9207} = {3C1490EE-C72C-31DB-8306-0604593C9207}
		{F6EE13E1-895A-3C17-BE4F-B8AE8CF6EF6E} = {F6EE13E1-895A-3C17-BE4F-B8AE8CF6EF6E}
		{DAACA102-0CE9-3582-9B55-0C4731C8252A} = {DAACA102-0CE9-3582-9B55-0C4731C8252A}
		{43BCC4AC-9FB7-31DF-897E-622487BABF68} = {43BCC4AC-9FB7-31DF-897E-622487BABF68}
	EndProjectSection
EndProject
Project("{8BC9CEB8-8B4A-11D0-8D11-00A0C91BC942}") = "PhysXFoundation", "..\sdk_source_bin\PhysXFoundation.vcxproj", "{F6EE13E1-895A-3C17-BE4F-B8AE8CF6EF6E}"
	ProjectSection(ProjectDependencies) = postProject
		{43BCC4AC-9FB7-31DF-897E-622487BABF68} = {43BCC4AC-9FB7-31DF-897E-622487BABF68}
	EndProjectSection
EndProject
Project("{8BC9CEB8-8B4A-11D0-8D11-00A0C91BC942}") = "PhysXPvdSDK", "..\sdk_source_bin\PhysXPvdSDK.vcxproj", "{DAACA102-0CE9-3582-9B55-0C4731C8252A}"
	ProjectSection(ProjectDependencies) = postProject
		{F6EE13E1-895A-3C17-BE4F-B8AE8CF6EF6E} = {F6EE13E1-895A-3C17-BE4F-B8AE8CF6EF6E}
		{43BCC4AC-9FB7-31DF-897E-622487BABF68} = {43BCC4AC-9FB7-31DF-897E-622487BABF68}
	EndProjectSection
EndProject
Project("{8BC9CEB8-8B4A-11D0-8D11-00A0C91BC942}") = "PhysXTask", "..\sdk_source_bin\PhysXTask.vcxproj", "{C67593DA-8BDD-3B3A-8ABC-998B07B0C464}"
	ProjectSection(ProjectDependencies) = postProject
		{43BCC4AC-9FB7-31DF-897E-622487BABF68} = {43BCC4AC-9FB7-31DF-897E-622487BABF68}
	EndProjectSection
EndProject
Project("{8BC9CEB8-8B4A-11D0-8D11-00A0C91BC942}") = "PhysXVehicle", "..\sdk_source_bin\PhysXVehicle.vcxproj", "{C3FD0598-706C-3F58-B50C-196CE4BF15FE}"
	ProjectSection(ProjectDependencies) = postProject
		{F6EE13E1-895A-3C17-BE4F-B8AE8CF6EF6E} = {F6EE13E1-895A-3C17-BE4F-B8AE8CF6EF6E}
		{DAACA102-0CE9-3582-9B55-0C4731C8252A} = {DAACA102-0CE9-3582-9B55-0C4731C8252A}
		{43BCC4AC-9FB7-31DF-897E-622487BABF68} = {43BCC4AC-9FB7-31DF-897E-622487BABF68}
	EndProjectSection
EndProject
Project("{8BC9CEB8-8B4A-11D0-8D11-00A0C91BC942}") = "SampleBase", "SampleBase.vcxproj", "{C56FC50B-982B-3438-9FC4-06A01F8E5136}"
	ProjectSection(ProjectDependencies) = postProject
		{3C1490EE-C72C-31DB-8306-0604593C9207} = {3C1490EE-C72C-31DB-8306-0604593C9207}
		{7C7B66EF-47B6-3BDA-A4A5-A01410AFCE85} = {7C7B66EF-47B6-3BDA-A4A5-A01410AFCE85}
		{F6EE13E1-895A-3C17-BE4F-B8AE8CF6EF6E} = {F6EE13E1-895A-3C17-BE4F-B8AE8CF6EF6E}
		{DAACA102-0CE9-3582-9B55-0C4731C8252A} = {DAACA102-0CE9-3582-9B55-0C4731C8252A}
		{AD7F54CF-D556-3808-90A6-859C5273E038} = {AD7F54CF-D556-3808-90A6-859C5273E038}
		{43BCC4AC-9FB7-31DF-897E-622487BABF68} = {43BCC4AC-9FB7-31DF-897E-622487BABF68}
	EndProjectSection
EndProject
Project("{8BC9CEB8-8B4A-11D0-8D11-00A0C91BC942}") = "SampleFramework", "SampleFramework.vcxproj", "{57BB2DDE-F156-36F2-830D-99BCB248FED3}"
	ProjectSection(ProjectDependencies) = postProject
		{3C1490EE-C72C-31DB-8306-0604593C9207} = {3C1490EE-C72C-31DB-8306-0604593C9207}
		{7C7B66EF-47B6-3BDA-A4A5-A01410AFCE85} = {7C7B66EF-47B6-3BDA-A4A5-A01410AFCE85}
		{F6EE13E1-895A-3C17-BE4F-B8AE8CF6EF6E} = {F6EE13E1-895A-3C17-BE4F-B8AE8CF6EF6E}
		{DAACA102-0CE9-3582-9B55-0C4731C8252A} = {DAACA102-0CE9-3582-9B55-0C4731C8252A}
		{AD7F54CF-D556-3808-90A6-859C5273E038} = {AD7F54CF-D556-3808-90A6-859C5273E038}
		{43BCC4AC-9FB7-31DF-897E-622487BABF68} = {43BCC4AC-9FB7-31DF-897E-622487BABF68}
	EndProjectSection
EndProject
Project("{8BC9CEB8-8B4A-11D0-8D11-00A0C91BC942}") = "SamplePlatform", "SamplePlatform.vcxproj", "{538A078A-A6EF-3D99-8B71-23F04DD8789F}"
	ProjectSection(ProjectDependencies) = postProject
		{3C1490EE-C72C-31DB-8306-0604593C9207} = {3C1490EE-C72C-31DB-8306-0604593C9207}
		{7C7B66EF-47B6-3BDA-A4A5-A01410AFCE85} = {7C7B66EF-47B6-3BDA-A4A5-A01410AFCE85}
		{F6EE13E1-895A-3C17-BE4F-B8AE8CF6EF6E} = {F6EE13E1-895A-3C17-BE4F-B8AE8CF6EF6E}
		{DAACA102-0CE9-3582-9B55-0C4731C8252A} = {DAACA102-0CE9-3582-9B55-0C4731C8252A}
		{AD7F54CF-D556-3808-90A6-859C5273E038} = {AD7F54CF-D556-3808-90A6-859C5273E038}
		{43BCC4AC-9FB7-31DF-897E-622487BABF68} = {43BCC4AC-9FB7-31DF-897E-622487BABF68}
	EndProjectSection
EndProject
Project("{8BC9CEB8-8B4A-11D0-8D11-00A0C91BC942}") = "SampleRenderer", "SampleRenderer.vcxproj", "{F9ACEDFE-97DB-3932-B6A4-5D5C7B9474AB}"
	ProjectSection(ProjectDependencies) = postProject
		{3C1490EE-C72C-31DB-8306-0604593C9207} = {3C1490EE-C72C-31DB-8306-0604593C9207}
		{7C7B66EF-47B6-3BDA-A4A5-A01410AFCE85} = {7C7B66EF-47B6-3BDA-A4A5-A01410AFCE85}
		{F6EE13E1-895A-3C17-BE4F-B8AE8CF6EF6E} = {F6EE13E1-895A-3C17-BE4F-B8AE8CF6EF6E}
		{DAACA102-0CE9-3582-9B55-0C4731C8252A} = {DAACA102-0CE9-3582-9B55-0C4731C8252A}
		{AD7F54CF-D556-3808-90A6-859C5273E038} = {AD7F54CF-D556-3808-90A6-859C5273E038}
		{43BCC4AC-9FB7-31DF-897E-622487BABF68} = {43BCC4AC-9FB7-31DF-897E-622487BABF68}
	EndProjectSection
EndProject
Project("{8BC9CEB8-8B4A-11D0-8D11-00A0C91BC942}") = "SampleToolkit", "SampleToolkit.vcxproj", "{AD7F54CF-D556-3808-90A6-859C5273E038}"
	ProjectSection(ProjectDependencies) = postProject
		{3C1490EE-C72C-31DB-8306-0604593C9207} = {3C1490EE-C72C-31DB-8306-0604593C9207}
		{7C7B66EF-47B6-3BDA-A4A5-A01410AFCE85} = {7C7B66EF-47B6-3BDA-A4A5-A01410AFCE85}
		{F6EE13E1-895A-3C17-BE4F-B8AE8CF6EF6E} = {F6EE13E1-895A-3C17-BE4F-B8AE8CF6EF6E}
		{DAACA102-0CE9-3582-9B55-0C4731C8252A} = {DAACA102-0CE9-3582-9B55-0C4731C8252A}
		{43BCC4AC-9FB7-31DF-897E-622487BABF68} = {43BCC4AC-9FB7-31DF-897E-622487BABF68}
	EndProjectSection
EndProject
Project("{8BC9CEB8-8B4A-11D0-8D11-00A0C91BC942}") = "Samples", "Samples.vcxproj", "{DFF03BF5-7AD1-3B08-9E17-9BC5015110B9}"
	ProjectSection(ProjectDependencies) = postProject
		{3C1490EE-C72C-31DB-8306-0604593C9207} = {3C1490EE-C72C-31DB-8306-0604593C9207}
		{FB97ADB5-D68B-342A-9CFA-367C71E2584A} = {FB97ADB5-D68B-342A-9CFA-367C71E2584A}
		{B9852F41-63F0-3AC8-AC7F-2F71599FE78A} = {B9852F41-63F0-3AC8-AC7F-2F71599FE78A}
		{A0940FEE-4199-3EFB-9C1C-33CCF499CC6C} = {A0940FEE-4199-3EFB-9C1C-33CCF499CC6C}
		{7C7B66EF-47B6-3BDA-A4A5-A01410AFCE85} = {7C7B66EF-47B6-3BDA-A4A5-A01410AFCE85}
		{F6EE13E1-895A-3C17-BE4F-B8AE8CF6EF6E} = {F6EE13E1-895A-3C17-BE4F-B8AE8CF6EF6E}
		{DAACA102-0CE9-3582-9B55-0C4731C8252A} = {DAACA102-0CE9-3582-9B55-0C4731C8252A}
		{C3FD0598-706C-3F58-B50C-196CE4BF15FE} = {C3FD0598-706C-3F58-B50C-196CE4BF15FE}
		{C56FC50B-982B-3438-9FC4-06A01F8E5136} = {C56FC50B-982B-3438-9FC4-06A01F8E5136}
		{57BB2DDE-F156-36F2-830D-99BCB248FED3} = {57BB2DDE-F156-36F2-830D-99BCB248FED3}
		{538A078A-A6EF-3D99-8B71-23F04DD8789F} = {538A078A-A6EF-3D99-8B71-23F04DD8789F}
		{F9ACEDFE-97DB-3932-B6A4-5D5C7B9474AB} = {F9ACEDFE-97DB-3932-B6A4-5D5C7B9474AB}
		{AD7F54CF-D556-3808-90A6-859C5273E038} = {AD7F54CF-D556-3808-90A6-859C5273E038}
		{43BCC4AC-9FB7-31DF-897E-622487BABF68} = {43BCC4AC-9FB7-31DF-897E-622487BABF68}
	EndProjectSection
EndProject
Project("{8BC9CEB8-8B4A-11D0-8D11-00A0C91BC942}") = "SceneQuery", "..\sdk_source_bin\SceneQuery.vcxproj", "{E32A05AA-E938-3A27-84C6-F5A960D41428}"
	ProjectSection(ProjectDependencies) = postProject
		{43BCC4AC-9FB7-31DF-897E-622487BABF68} = {43BCC4AC-9FB7-31DF-897E-622487BABF68}
	EndProjectSection
EndProject
Project("{8BC9CEB8-8B4A-11D0-8D11-00A0C91BC942}") = "SimulationController", "..\sdk_source_bin\SimulationController.vcxproj", "{04C28D17-08CD-33C7-9E81-47BBF685812F}"
	ProjectSection(ProjectDependencies) = postProject
		{43BCC4AC-9FB7-31DF-897E-622487BABF68} = {43BCC4AC-9FB7-31DF-897E-622487BABF68}
	EndProjectSection
EndProject
Project("{8BC9CEB8-8B4A-11D0-8D11-00A0C91BC942}") = "ZERO_CHECK", "..\\ZERO_CHECK.vcxproj", "{43BCC4AC-9FB7-31DF-897E-622487BABF68}"
	ProjectSection(ProjectDependencies) = postProject
	EndProjectSection
EndProject
Global
	GlobalSection(SolutionConfigurationPlatforms) = preSolution
		debug|x64 = debug|x64
		checked|x64 = checked|x64
		profile|x64 = profile|x64
		release|x64 = release|x64
	EndGlobalSection
	GlobalSection(ProjectConfigurationPlatforms) = postSolution
		{15FBDFE4-5EEC-34D5-84EF-11518F69EC9F}.debug|x64.ActiveCfg = debug|x64
		{15FBDFE4-5EEC-34D5-84EF-11518F69EC9F}.debug|x64.Build.0 = debug|x64
		{15FBDFE4-5EEC-34D5-84EF-11518F69EC9F}.checked|x64.ActiveCfg = checked|x64
		{15FBDFE4-5EEC-34D5-84EF-11518F69EC9F}.checked|x64.Build.0 = checked|x64
		{15FBDFE4-5EEC-34D5-84EF-11518F69EC9F}.profile|x64.ActiveCfg = profile|x64
		{15FBDFE4-5EEC-34D5-84EF-11518F69EC9F}.profile|x64.Build.0 = profile|x64
		{15FBDFE4-5EEC-34D5-84EF-11518F69EC9F}.release|x64.ActiveCfg = release|x64
		{15FBDFE4-5EEC-34D5-84EF-11518F69EC9F}.release|x64.Build.0 = release|x64
		{55245FF2-6214-3697-8EE2-64ED799E86DE}.debug|x64.ActiveCfg = debug|x64
		{55245FF2-6214-3697-8EE2-64ED799E86DE}.debug|x64.Build.0 = debug|x64
		{55245FF2-6214-3697-8EE2-64ED799E86DE}.checked|x64.ActiveCfg = checked|x64
		{55245FF2-6214-3697-8EE2-64ED799E86DE}.checked|x64.Build.0 = checked|x64
		{55245FF2-6214-3697-8EE2-64ED799E86DE}.profile|x64.ActiveCfg = profile|x64
		{55245FF2-6214-3697-8EE2-64ED799E86DE}.profile|x64.Build.0 = profile|x64
		{55245FF2-6214-3697-8EE2-64ED799E86DE}.release|x64.ActiveCfg = release|x64
		{55245FF2-6214-3697-8EE2-64ED799E86DE}.release|x64.Build.0 = release|x64
		{1EB2A897-BC38-3307-894B-0A21EDC08626}.debug|x64.ActiveCfg = debug|x64
		{1EB2A897-BC38-3307-894B-0A21EDC08626}.checked|x64.ActiveCfg = checked|x64
		{1EB2A897-BC38-3307-894B-0A21EDC08626}.profile|x64.ActiveCfg = profile|x64
		{1EB2A897-BC38-3307-894B-0A21EDC08626}.release|x64.ActiveCfg = release|x64
		{0E2BDDFF-7D20-3A21-88CC-3341676D84C0}.debug|x64.ActiveCfg = debug|x64
		{0E2BDDFF-7D20-3A21-88CC-3341676D84C0}.debug|x64.Build.0 = debug|x64
		{0E2BDDFF-7D20-3A21-88CC-3341676D84C0}.checked|x64.ActiveCfg = checked|x64
		{0E2BDDFF-7D20-3A21-88CC-3341676D84C0}.checked|x64.Build.0 = checked|x64
		{0E2BDDFF-7D20-3A21-88CC-3341676D84C0}.profile|x64.ActiveCfg = profile|x64
		{0E2BDDFF-7D20-3A21-88CC-3341676D84C0}.profile|x64.Build.0 = profile|x64
		{0E2BDDFF-7D20-3A21-88CC-3341676D84C0}.release|x64.ActiveCfg = release|x64
		{0E2BDDFF-7D20-3A21-88CC-3341676D84C0}.release|x64.Build.0 = release|x64
		{3D5D434F-86A3-34A5-AF01-96880828E99C}.debug|x64.ActiveCfg = debug|x64
		{3D5D434F-86A3-34A5-AF01-96880828E99C}.debug|x64.Build.0 = debug|x64
		{3D5D434F-86A3-34A5-AF01-96880828E99C}.checked|x64.ActiveCfg = checked|x64
		{3D5D434F-86A3-34A5-AF01-96880828E99C}.checked|x64.Build.0 = checked|x64
		{3D5D434F-86A3-34A5-AF01-96880828E99C}.profile|x64.ActiveCfg = profile|x64
		{3D5D434F-86A3-34A5-AF01-96880828E99C}.profile|x64.Build.0 = profile|x64
		{3D5D434F-86A3-34A5-AF01-96880828E99C}.release|x64.ActiveCfg = release|x64
		{3D5D434F-86A3-34A5-AF01-96880828E99C}.release|x64.Build.0 = release|x64
		{D9FBC901-AF60-3C2C-946E-52D5AB425E33}.debug|x64.ActiveCfg = debug|x64
		{D9FBC901-AF60-3C2C-946E-52D5AB425E33}.debug|x64.Build.0 = debug|x64
		{D9FBC901-AF60-3C2C-946E-52D5AB425E33}.checked|x64.ActiveCfg = checked|x64
		{D9FBC901-AF60-3C2C-946E-52D5AB425E33}.checked|x64.Build.0 = checked|x64
		{D9FBC901-AF60-3C2C-946E-52D5AB425E33}.profile|x64.ActiveCfg = profile|x64
		{D9FBC901-AF60-3C2C-946E-52D5AB425E33}.profile|x64.Build.0 = profile|x64
		{D9FBC901-AF60-3C2C-946E-52D5AB425E33}.release|x64.ActiveCfg = release|x64
		{D9FBC901-AF60-3C2C-946E-52D5AB425E33}.release|x64.Build.0 = release|x64
		{3C1490EE-C72C-31DB-8306-0604593C9207}.debug|x64.ActiveCfg = debug|x64
		{3C1490EE-C72C-31DB-8306-0604593C9207}.debug|x64.Build.0 = debug|x64
		{3C1490EE-C72C-31DB-8306-0604593C9207}.checked|x64.ActiveCfg = checked|x64
		{3C1490EE-C72C-31DB-8306-0604593C9207}.checked|x64.Build.0 = checked|x64
		{3C1490EE-C72C-31DB-8306-0604593C9207}.profile|x64.ActiveCfg = profile|x64
		{3C1490EE-C72C-31DB-8306-0604593C9207}.profile|x64.Build.0 = profile|x64
		{3C1490EE-C72C-31DB-8306-0604593C9207}.release|x64.ActiveCfg = release|x64
		{3C1490EE-C72C-31DB-8306-0604593C9207}.release|x64.Build.0 = release|x64
		{FB97ADB5-D68B-342A-9CFA-367C71E2584A}.debug|x64.ActiveCfg = debug|x64
		{FB97ADB5-D68B-342A-9CFA-367C71E2584A}.debug|x64.Build.0 = debug|x64
		{FB97ADB5-D68B-342A-9CFA-367C71E2584A}.checked|x64.ActiveCfg = checked|x64
		{FB97ADB5-D68B-342A-9CFA-367C71E2584A}.checked|x64.Build.0 = checked|x64
		{FB97ADB5-D68B-342A-9CFA-367C71E2584A}.profile|x64.ActiveCfg = profile|x64
		{FB97ADB5-D68B-342A-9CFA-367C71E2584A}.profile|x64.Build.0 = profile|x64
		{FB97ADB5-D68B-342A-9CFA-367C71E2584A}.release|x64.ActiveCfg = release|x64
		{FB97ADB5-D68B-342A-9CFA-367C71E2584A}.release|x64.Build.0 = release|x64
		{B9852F41-63F0-3AC8-AC7F-2F71599FE78A}.debug|x64.ActiveCfg = debug|x64
		{B9852F41-63F0-3AC8-AC7F-2F71599FE78A}.debug|x64.Build.0 = debug|x64
		{B9852F41-63F0-3AC8-AC7F-2F71599FE78A}.checked|x64.ActiveCfg = checked|x64
		{B9852F41-63F0-3AC8-AC7F-2F71599FE78A}.checked|x64.Build.0 = checked|x64
		{B9852F41-63F0-3AC8-AC7F-2F71599FE78A}.profile|x64.ActiveCfg = profile|x64
		{B9852F41-63F0-3AC8-AC7F-2F71599FE78A}.profile|x64.Build.0 = profile|x64
		{B9852F41-63F0-3AC8-AC7F-2F71599FE78A}.release|x64.ActiveCfg = release|x64
		{B9852F41-63F0-3AC8-AC7F-2F71599FE78A}.release|x64.Build.0 = release|x64
		{A0940FEE-4199-3EFB-9C1C-33CCF499CC6C}.debug|x64.ActiveCfg = debug|x64
		{A0940FEE-4199-3EFB-9C1C-33CCF499CC6C}.debug|x64.Build.0 = debug|x64
		{A0940FEE-4199-3EFB-9C1C-33CCF499CC6C}.checked|x64.ActiveCfg = checked|x64
		{A0940FEE-4199-3EFB-9C1C-33CCF499CC6C}.checked|x64.Build.0 = checked|x64
		{A0940FEE-4199-3EFB-9C1C-33CCF499CC6C}.profile|x64.ActiveCfg = profile|x64
		{A0940FEE-4199-3EFB-9C1C-33CCF499CC6C}.profile|x64.Build.0 = profile|x64
		{A0940FEE-4199-3EFB-9C1C-33CCF499CC6C}.release|x64.ActiveCfg = release|x64
		{A0940FEE-4199-3EFB-9C1C-33CCF499CC6C}.release|x64.Build.0 = release|x64
		{7C7B66EF-47B6-3BDA-A4A5-A01410AFCE85}.debug|x64.ActiveCfg = debug|x64
		{7C7B66EF-47B6-3BDA-A4A5-A01410AFCE85}.debug|x64.Build.0 = debug|x64
		{7C7B66EF-47B6-3BDA-A4A5-A01410AFCE85}.checked|x64.ActiveCfg = checked|x64
		{7C7B66EF-47B6-3BDA-A4A5-A01410AFCE85}.checked|x64.Build.0 = checked|x64
		{7C7B66EF-47B6-3BDA-A4A5-A01410AFCE85}.profile|x64.ActiveCfg = profile|x64
		{7C7B66EF-47B6-3BDA-A4A5-A01410AFCE85}.profile|x64.Build.0 = profile|x64
		{7C7B66EF-47B6-3BDA-A4A5-A01410AFCE85}.release|x64.ActiveCfg = release|x64
		{7C7B66EF-47B6-3BDA-A4A5-A01410AFCE85}.release|x64.Build.0 = release|x64
		{F6EE13E1-895A-3C17-BE4F-B8AE8CF6EF6E}.debug|x64.ActiveCfg = debug|x64
		{F6EE13E1-895A-3C17-BE4F-B8AE8CF6EF6E}.debug|x64.Build.0 = debug|x64
		{F6EE13E1-895A-3C17-BE4F-B8AE8CF6EF6E}.checked|x64.ActiveCfg = checked|x64
		{F6EE13E1-895A-3C17-BE4F-B8AE8CF6EF6E}.checked|x64.Build.0 = checked|x64
		{F6EE13E1-895A-3C17-BE4F-B8AE8CF6EF6E}.profile|x64.ActiveCfg = profile|x64
		{F6EE13E1-895A-3C17-BE4F-B8AE8CF6EF6E}.profile|x64.Build.0 = profile|x64
		{F6EE13E1-895A-3C17-BE4F-B8AE8CF6EF6E}.release|x64.ActiveCfg = release|x64
		{F6EE13E1-895A-3C17-BE4F-B8AE8CF6EF6E}.release|x64.Build.0 = release|x64
		{DAACA102-0CE9-3582-9B55-0C4731C8252A}.debug|x64.ActiveCfg = debug|x64
		{DAACA102-0CE9-3582-9B55-0C4731C8252A}.debug|x64.Build.0 = debug|x64
		{DAACA102-0CE9-3582-9B55-0C4731C8252A}.checked|x64.ActiveCfg = checked|x64
		{DAACA102-0CE9-3582-9B55-0C4731C8252A}.checked|x64.Build.0 = checked|x64
		{DAACA102-0CE9-3582-9B55-0C4731C8252A}.profile|x64.ActiveCfg = profile|x64
		{DAACA102-0CE9-3582-9B55-0C4731C8252A}.profile|x64.Build.0 = profile|x64
		{DAACA102-0CE9-3582-9B55-0C4731C8252A}.release|x64.ActiveCfg = release|x64
		{DAACA102-0CE9-3582-9B55-0C4731C8252A}.release|x64.Build.0 = release|x64
		{C67593DA-8BDD-3B3A-8ABC-998B07B0C464}.debug|x64.ActiveCfg = debug|x64
		{C67593DA-8BDD-3B3A-8ABC-998B07B0C464}.debug|x64.Build.0 = debug|x64
		{C67593DA-8BDD-3B3A-8ABC-998B07B0C464}.checked|x64.ActiveCfg = checked|x64
		{C67593DA-8BDD-3B3A-8ABC-998B07B0C464}.checked|x64.Build.0 = checked|x64
		{C67593DA-8BDD-3B3A-8ABC-998B07B0C464}.profile|x64.ActiveCfg = profile|x64
		{C67593DA-8BDD-3B3A-8ABC-998B07B0C464}.profile|x64.Build.0 = profile|x64
		{C67593DA-8BDD-3B3A-8ABC-998B07B0C464}.release|x64.ActiveCfg = release|x64
		{C67593DA-8BDD-3B3A-8ABC-998B07B0C464}.release|x64.Build.0 = release|x64
		{C3FD0598-706C-3F58-B50C-196CE4BF15FE}.debug|x64.ActiveCfg = debug|x64
		{C3FD0598-706C-3F58-B50C-196CE4BF15FE}.debug|x64.Build.0 = debug|x64
		{C3FD0598-706C-3F58-B50C-196CE4BF15FE}.checked|x64.ActiveCfg = checked|x64
		{C3FD0598-706C-3F58-B50C-196CE4BF15FE}.checked|x64.Build.0 = checked|x64
		{C3FD0598-706C-3F58-B50C-196CE4BF15FE}.profile|x64.ActiveCfg = profile|x64
		{C3FD0598-706C-3F58-B50C-196CE4BF15FE}.profile|x64.Build.0 = profile|x64
		{C3FD0598-706C-3F58-B50C-196CE4BF15FE}.release|x64.ActiveCfg = release|x64
		{C3FD0598-706C-3F58-B50C-196CE4BF15FE}.release|x64.Build.0 = release|x64
		{C56FC50B-982B-3438-9FC4-06A01F8E5136}.debug|x64.ActiveCfg = debug|x64
		{C56FC50B-982B-3438-9FC4-06A01F8E5136}.debug|x64.Build.0 = debug|x64
		{C56FC50B-982B-3438-9FC4-06A01F8E5136}.checked|x64.ActiveCfg = checked|x64
		{C56FC50B-982B-3438-9FC4-06A01F8E5136}.checked|x64.Build.0 = checked|x64
		{C56FC50B-982B-3438-9FC4-06A01F8E5136}.profile|x64.ActiveCfg = profile|x64
		{C56FC50B-982B-3438-9FC4-06A01F8E5136}.profile|x64.Build.0 = profile|x64
		{C56FC50B-982B-3438-9FC4-06A01F8E5136}.release|x64.ActiveCfg = release|x64
		{C56FC50B-982B-3438-9FC4-06A01F8E5136}.release|x64.Build.0 = release|x64
		{57BB2DDE-F156-36F2-830D-99BCB248FED3}.debug|x64.ActiveCfg = debug|x64
		{57BB2DDE-F156-36F2-830D-99BCB248FED3}.debug|x64.Build.0 = debug|x64
		{57BB2DDE-F156-36F2-830D-99BCB248FED3}.checked|x64.ActiveCfg = checked|x64
		{57BB2DDE-F156-36F2-830D-99BCB248FED3}.checked|x64.Build.0 = checked|x64
		{57BB2DDE-F156-36F2-830D-99BCB248FED3}.profile|x64.ActiveCfg = profile|x64
		{57BB2DDE-F156-36F2-830D-99BCB248FED3}.profile|x64.Build.0 = profile|x64
		{57BB2DDE-F156-36F2-830D-99BCB248FED3}.release|x64.ActiveCfg = release|x64
		{57BB2DDE-F156-36F2-830D-99BCB248FED3}.release|x64.Build.0 = release|x64
		{538A078A-A6EF-3D99-8B71-23F04DD8789F}.debug|x64.ActiveCfg = debug|x64
		{538A078A-A6EF-3D99-8B71-23F04DD8789F}.debug|x64.Build.0 = debug|x64
		{538A078A-A6EF-3D99-8B71-23F04DD8789F}.checked|x64.ActiveCfg = checked|x64
		{538A078A-A6EF-3D99-8B71-23F04DD8789F}.checked|x64.Build.0 = checked|x64
		{538A078A-A6EF-3D99-8B71-23F04DD8789F}.profile|x64.ActiveCfg = profile|x64
		{538A078A-A6EF-3D99-8B71-23F04DD8789F}.profile|x64.Build.0 = profile|x64
		{538A078A-A6EF-3D99-8B71-23F04DD8789F}.release|x64.ActiveCfg = release|x64
		{538A078A-A6EF-3D99-8B71-23F04DD8789F}.release|x64.Build.0 = release|x64
		{F9ACEDFE-97DB-3932-B6A4-5D5C7B9474AB}.debug|x64.ActiveCfg = debug|x64
		{F9ACEDFE-97DB-3932-B6A4-5D5C7B9474AB}.debug|x64.Build.0 = debug|x64
		{F9ACEDFE-97DB-3932-B6A4-5D5C7B9474AB}.checked|x64.ActiveCfg = checked|x64
		{F9ACEDFE-97DB-3932-B6A4-5D5C7B9474AB}.checked|x64.Build.0 = checked|x64
		{F9ACEDFE-97DB-3932-B6A4-5D5C7B9474AB}.profile|x64.ActiveCfg = profile|x64
		{F9ACEDFE-97DB-3932-B6A4-5D5C7B9474AB}.profile|x64.Build.0 = profile|x64
		{F9ACEDFE-97DB-3932-B6A4-5D5C7B9474AB}.release|x64.ActiveCfg = release|x64
		{F9ACEDFE-97DB-3932-B6A4-5D5C7B9474AB}.release|x64.Build.0 = release|x64
		{AD7F54CF-D556-3808-90A6-859C5273E038}.debug|x64.ActiveCfg = debug|x64
		{AD7F54CF-D556-3808-90A6-859C5273E038}.debug|x64.Build.0 = debug|x64
		{AD7F54CF-D556-3808-90A6-859C5273E038}.checked|x64.ActiveCfg = checked|x64
		{AD7F54CF-D556-3808-90A6-859C5273E038}.checked|x64.Build.0 = checked|x64
		{AD7F54CF-D556-3808-90A6-859C5273E038}.profile|x64.ActiveCfg = profile|x64
		{AD7F54CF-D556-3808-90A6-859C5273E038}.profile|x64.Build.0 = profile|x64
		{AD7F54CF-D556-3808-90A6-859C5273E038}.release|x64.ActiveCfg = release|x64
		{AD7F54CF-D556-3808-90A6-859C5273E038}.release|x64.Build.0 = release|x64
		{DFF03BF5-7AD1-3B08-9E17-9BC5015110B9}.debug|x64.ActiveCfg = debug|x64
		{DFF03BF5-7AD1-3B08-9E17-9BC5015110B9}.debug|x64.Build.0 = debug|x64
		{DFF03BF5-7AD1-3B08-9E17-9BC5015110B9}.checked|x64.ActiveCfg = checked|x64
		{DFF03BF5-7AD1-3B08-9E17-9BC5015110B9}.checked|x64.Build.0 = checked|x64
		{DFF03BF5-7AD1-3B08-9E17-9BC5015110B9}.profile|x64.ActiveCfg = profile|x64
		{DFF03BF5-7AD1-3B08-9E17-9BC5015110B9}.profile|x64.Build.0 = profile|x64
		{DFF03BF5-7AD1-3B08-9E17-9BC5015110B9}.release|x64.ActiveCfg = release|x64
		{DFF03BF5-7AD1-3B08-9E17-9BC5015110B9}.release|x64.Build.0 = release|x64
		{E32A05AA-E938-3A27-84C6-F5A960D41428}.debug|x64.ActiveCfg = debug|x64
		{E32A05AA-E938-3A27-84C6-F5A960D41428}.debug|x64.Build.0 = debug|x64
		{E32A05AA-E938-3A27-84C6-F5A960D41428}.checked|x64.ActiveCfg = checked|x64
		{E32A05AA-E938-3A27-84C6-F5A960D41428}.checked|x64.Build.0 = checked|x64
		{E32A05AA-E938-3A27-84C6-F5A960D41428}.profile|x64.ActiveCfg = profile|x64
		{E32A05AA-E938-3A27-84C6-F5A960D41428}.profile|x64.Build.0 = profile|x64
		{E32A05AA-E938-3A27-84C6-F5A960D41428}.release|x64.ActiveCfg = release|x64
		{E32A05AA-E938-3A27-84C6-F5A960D41428}.release|x64.Build.0 = release|x64
		{04C28D17-08CD-33C7-9E81-47BBF685812F}.debug|x64.ActiveCfg = debug|x64
		{04C28D17-08CD-33C7-9E81-47BBF685812F}.debug|x64.Build.0 = debug|x64
		{04C28D17-08CD-33C7-9E81-47BBF685812F}.checked|x64.ActiveCfg = checked|x64
		{04C28D17-08CD-33C7-9E81-47BBF685812F}.checked|x64.Build.0 = checked|x64
		{04C28D17-08CD-33C7-9E81-47BBF685812F}.profile|x64.ActiveCfg = profile|x64
		{04C28D17-08CD-33C7-9E81-47BBF685812F}.profile|x64.Build.0 = profile|x64
		{04C28D17-08CD-33C7-9E81-47BBF685812F}.release|x64.ActiveCfg = release|x64
		{04C28D17-08CD-33C7-9E81-47BBF685812F}.release|x64.Build.0 = release|x64
		{43BCC4AC-9FB7-31DF-897E-622487BABF68}.debug|x64.ActiveCfg = debug|x64
		{43BCC4AC-9FB7-31DF-897E-622487BABF68}.debug|x64.Build.0 = debug|x64
		{43BCC4AC-9FB7-31DF-897E-622487BABF68}.checked|x64.ActiveCfg = checked|x64
		{43BCC4AC-9FB7-31DF-897E-622487BABF68}.checked|x64.Build.0 = checked|x64
		{43BCC4AC-9FB7-31DF-897E-622487BABF68}.profile|x64.ActiveCfg = profile|x64
		{43BCC4AC-9FB7-31DF-897E-622487BABF68}.profile|x64.Build.0 = profile|x64
		{43BCC4AC-9FB7-31DF-897E-622487BABF68}.release|x64.ActiveCfg = release|x64
		{43BCC4AC-9FB7-31DF-897E-622487BABF68}.release|x64.Build.0 = release|x64
	EndGlobalSection
	GlobalSection(NestedProjects) = preSolution
		{15FBDFE4-5EEC-34D5-84EF-11518F69EC9F} = {E19C22BF-E4D5-3844-BAA7-6377A8D710E0}
		{1EB2A897-BC38-3307-894B-0A21EDC08626} = {E19C22BF-E4D5-3844-BAA7-6377A8D710E0}
		{43BCC4AC-9FB7-31DF-897E-622487BABF68} = {E19C22BF-E4D5-3844-BAA7-6377A8D710E0}
		{55245FF2-6214-3697-8EE2-64ED799E86DE} = {45EEBD06-2523-35CC-906C-BC0F53F28B1D}
		{0E2BDDFF-7D20-3A21-88CC-3341676D84C0} = {45EEBD06-2523-35CC-906C-BC0F53F28B1D}
		{3D5D434F-86A3-34A5-AF01-96880828E99C} = {45EEBD06-2523-35CC-906C-BC0F53F28B1D}
		{D9FBC901-AF60-3C2C-946E-52D5AB425E33} = {45EEBD06-2523-35CC-906C-BC0F53F28B1D}
		{3C1490EE-C72C-31DB-8306-0604593C9207} = {45EEBD06-2523-35CC-906C-BC0F53F28B1D}
		{FB97ADB5-D68B-342A-9CFA-367C71E2584A} = {45EEBD06-2523-35CC-906C-BC0F53F28B1D}
		{B9852F41-63F0-3AC8-AC7F-2F71599FE78A} = {45EEBD06-2523-35CC-906C-BC0F53F28B1D}
		{A0940FEE-4199-3EFB-9C1C-33CCF499CC6C} = {45EEBD06-2523-35CC-906C-BC0F53F28B1D}
		{7C7B66EF-47B6-3BDA-A4A5-A01410AFCE85} = {45EEBD06-2523-35CC-906C-BC0F53F28B1D}
		{F6EE13E1-895A-3C17-BE4F-B8AE8CF6EF6E} = {45EEBD06-2523-35CC-906C-BC0F53F28B1D}
		{DAACA102-0CE9-3582-9B55-0C4731C8252A} = {45EEBD06-2523-35CC-906C-BC0F53F28B1D}
		{C67593DA-8BDD-3B3A-8ABC-998B07B0C464} = {45EEBD06-2523-35CC-906C-BC0F53F28B1D}
		{C3FD0598-706C-3F58-B50C-196CE4BF15FE} = {45EEBD06-2523-35CC-906C-BC0F53F28B1D}
		{E32A05AA-E938-3A27-84C6-F5A960D41428} = {45EEBD06-2523-35CC-906C-BC0F53F28B1D}
		{04C28D17-08CD-33C7-9E81-47BBF685812F} = {45EEBD06-2523-35CC-906C-BC0F53F28B1D}
		{C56FC50B-982B-3438-9FC4-06A01F8E5136} = {3561A230-17D1-3E61-8575-586286DE30E5}
		{57BB2DDE-F156-36F2-830D-99BCB248FED3} = {3561A230-17D1-3E61-8575-586286DE30E5}
		{538A078A-A6EF-3D99-8B71-23F04DD8789F} = {3561A230-17D1-3E61-8575-586286DE30E5}
		{F9ACEDFE-97DB-3932-B6A4-5D5C7B9474AB} = {3561A230-17D1-3E61-8575-586286DE30E5}
		{AD7F54CF-D556-3808-90A6-859C5273E038} = {3561A230-17D1-3E61-8575-586286DE30E5}
		{DFF03BF5-7AD1-3B08-9E17-9BC5015110B9} = {3561A230-17D1-3E61-8575-586286DE30E5}
	EndGlobalSection
	GlobalSection(ExtensibilityGlobals) = postSolution
		SolutionGuid = {BF9E1259-CDD2-39C0-9C52-A9EF4233BF40}
	EndGlobalSection
	GlobalSection(ExtensibilityAddIns) = postSolution
	EndGlobalSection
EndGlobal
