Microsoft Visual Studio Solution File, Format Version 12.00
# Visual Studio 16
Project("{2150E333-8FDC-42A3-9474-1A3956D46DE8}") = "CMakePredefinedTargets", "CMakePredefinedTargets", "{E19C22BF-E4D5-3844-BAA7-6377A8D710E0}"
EndProject
Project("{2150E333-8FDC-42A3-9474-1A3956D46DE8}") = "PhysX SDK", "PhysX SDK", "{45EEBD06-2523-35CC-906C-BC0F53F28B1D}"
EndProject
Project("{2150E333-8FDC-42A3-9474-1A3956D46DE8}") = "Snippets", "Snippets", "{803BAA77-7A15-32B8-8E12-2C3C9C3103BE}"
EndProject
Project("{8BC9CEB8-8B4A-11D0-8D11-00A0C91BC942}") = "ALL_BUILD", "ALL_BUILD.vcxproj", "{15FBDFE4-5EEC-34D5-84EF-11518F69EC9F}"
	ProjectSection(ProjectDependencies) = postProject
		{0C11B4A4-E157-308A-9425-5927AB1FC090} = {0C11B4A4-E157-308A-9425-5927AB1FC090}
		{4F2C5E84-FF61-3DA9-809A-396B9034A6FB} = {4F2C5E84-FF61-3DA9-809A-396B9034A6FB}
		{E0E9A173-5997-3838-BBF5-56DE80773CFF} = {E0E9A173-5997-3838-BBF5-56DE80773CFF}
		{7E9D7E0F-B4D2-3DEA-99F2-F576B62A042E} = {7E9D7E0F-B4D2-3DEA-99F2-F576B62A042E}
		{AEF0F86F-6A68-3ECF-AF03-A781845A063D} = {AEF0F86F-6A68-3ECF-AF03-A781845A063D}
		{3002B9FB-5C30-3F3E-B5AD-DFC8B36919EA} = {3002B9FB-5C30-3F3E-B5AD-DFC8B36919EA}
		{2EC9BF9B-2E39-31B3-BD24-F8A4C2871B63} = {2EC9BF9B-2E39-31B3-BD24-F8A4C2871B63}
		{7EC20D0A-45B5-31C5-A2C3-8C43BFF3B648} = {7EC20D0A-45B5-31C5-A2C3-8C43BFF3B648}
		{923F45CD-1220-3EE2-BCE6-E8E32438F807} = {923F45CD-1220-3EE2-BCE6-E8E32438F807}
		{FB336FC5-EC7F-3E63-875C-40745CA83F73} = {FB336FC5-EC7F-3E63-875C-40745CA83F73}
		{6952D580-0D8E-3E9D-86C3-131BAB2DA5BC} = {6952D580-0D8E-3E9D-86C3-131BAB2DA5BC}
		{4CF640E4-F2C8-35B5-891C-49D302E48C07} = {4CF640E4-F2C8-35B5-891C-49D302E48C07}
		{06387B31-C4E3-3441-A161-7D6D820776AB} = {06387B31-C4E3-3441-A161-7D6D820776AB}
		{DA53FE08-1DAB-3C62-B21C-0A670F6E08C2} = {DA53FE08-1DAB-3C62-B21C-0A670F6E08C2}
		{621F918B-A564-3B5E-91E7-B3D83D98749A} = {621F918B-A564-3B5E-91E7-B3D83D98749A}
		{4721255E-B9A2-310D-80A0-A237F9913BAB} = {4721255E-B9A2-310D-80A0-A237F9913BAB}
		{5A68F80E-AF9B-34F8-BB17-B3416B5C8B05} = {5A68F80E-AF9B-34F8-BB17-B3416B5C8B05}
		{FF4F9CDA-3A03-35D1-B291-BF7DA5699078} = {FF4F9CDA-3A03-35D1-B291-BF7DA5699078}
		{7E4A6BC3-1385-38D5-AD43-CE1C1F494B56} = {7E4A6BC3-1385-38D5-AD43-CE1C1F494B56}
		{A2420C0E-7FBE-311B-B90C-BE8F658422D6} = {A2420C0E-7FBE-311B-B90C-BE8F658422D6}
		{455AF355-967F-39E1-8B12-6823F763D5DA} = {455AF355-967F-39E1-8B12-6823F763D5DA}
		{07BF6ABB-6F8C-3308-AFFD-0B4348D7D81E} = {07BF6ABB-6F8C-3308-AFFD-0B4348D7D81E}
		{84042797-2970-3764-A521-A02A115E3604} = {84042797-2970-3764-A521-A02A115E3604}
		{06FA5309-CE50-392A-8A54-4AAC31840706} = {06FA5309-CE50-392A-8A54-4AAC31840706}
		{8B40D86A-BBF4-3D0B-B607-2866C3D401F4} = {8B40D86A-BBF4-3D0B-B607-2866C3D401F4}
		{09B61AF2-FB1C-3D0E-9F4A-07C87F9A7184} = {09B61AF2-FB1C-3D0E-9F4A-07C87F9A7184}
		{A9575197-07AC-395E-B43A-4E2F64F27504} = {A9575197-07AC-395E-B43A-4E2F64F27504}
		{F2959103-C54D-3A9A-8584-8EFD143774F1} = {F2959103-C54D-3A9A-8584-8EFD143774F1}
		{038DC81E-213A-35C1-BB31-17B018FCA251} = {038DC81E-213A-35C1-BB31-17B018FCA251}
		{53AC6B54-C973-3A15-BF74-86A34A07CA13} = {53AC6B54-C973-3A15-BF74-86A34A07CA13}
		{45ECD856-4B4D-34F4-97A0-1948BB8CC910} = {45ECD856-4B4D-34F4-97A0-1948BB8CC910}
		{B66F7AFA-8A00-3384-A3B0-0F23C7F9AFA5} = {B66F7AFA-8A00-3384-A3B0-0F23C7F9AFA5}
		{E915E111-EB9A-3432-9E36-1D82E134BC1C} = {E915E111-EB9A-3432-9E36-1D82E134BC1C}
		{B20C18A1-DEF6-3766-8B07-DF3531103679} = {B20C18A1-DEF6-3766-8B07-DF3531103679}
		{B6FBA1AB-3E13-316F-A9B3-075C96D8E632} = {B6FBA1AB-3E13-316F-A9B3-075C96D8E632}
		{92698C9F-6842-33B6-A412-3BC897BF478F} = {92698C9F-6842-33B6-A412-3BC897BF478F}
		{43BCC4AC-9FB7-31DF-897E-622487BABF68} = {43BCC4AC-9FB7-31DF-897E-622487BABF68}
	EndProjectSection
EndProject
Project("{8BC9CEB8-8B4A-11D0-8D11-00A0C91BC942}") = "FastXml", "..\sdk_source_bin\FastXml.vcxproj", "{55245FF2-6214-3697-8EE2-64ED799E86DE}"
	ProjectSection(ProjectDependencies) = postProject
		{43BCC4AC-9FB7-31DF-897E-622487BABF68} = {43BCC4AC-9FB7-31DF-897E-622487BABF68}
	EndProjectSection
EndProject
Project("{8BC9CEB8-8B4A-11D0-8D11-00A0C91BC942}") = "INSTALL", "INSTALL.vcxproj", "{1EB2A897-BC38-3307-894B-0A21EDC08626}"
	ProjectSection(ProjectDependencies) = postProject
		{15FBDFE4-5EEC-34D5-84EF-11518F69EC9F} = {15FBDFE4-5EEC-34D5-84EF-11518F69EC9F}
		{43BCC4AC-9FB7-31DF-897E-622487BABF68} = {43BCC4AC-9FB7-31DF-897E-622487BABF68}
	EndProjectSection
EndProject
Project("{8BC9CEB8-8B4A-11D0-8D11-00A0C91BC942}") = "LowLevel", "..\sdk_source_bin\LowLevel.vcxproj", "{0E2BDDFF-7D20-3A21-88CC-3341676D84C0}"
	ProjectSection(ProjectDependencies) = postProject
		{43BCC4AC-9FB7-31DF-897E-622487BABF68} = {43BCC4AC-9FB7-31DF-897E-622487BABF68}
	EndProjectSection
EndProject
Project("{8BC9CEB8-8B4A-11D0-8D11-00A0C91BC942}") = "LowLevelAABB", "..\sdk_source_bin\LowLevelAABB.vcxproj", "{3D5D434F-86A3-34A5-AF01-96880828E99C}"
	ProjectSection(ProjectDependencies) = postProject
		{43BCC4AC-9FB7-31DF-897E-622487BABF68} = {43BCC4AC-9FB7-31DF-897E-622487BABF68}
	EndProjectSection
EndProject
Project("{8BC9CEB8-8B4A-11D0-8D11-00A0C91BC942}") = "LowLevelDynamics", "..\sdk_source_bin\LowLevelDynamics.vcxproj", "{D9FBC901-AF60-3C2C-946E-52D5AB425E33}"
	ProjectSection(ProjectDependencies) = postProject
		{43BCC4AC-9FB7-31DF-897E-622487BABF68} = {43BCC4AC-9FB7-31DF-897E-622487BABF68}
	EndProjectSection
EndProject
Project("{8BC9CEB8-8B4A-11D0-8D11-00A0C91BC942}") = "PhysX", "..\sdk_source_bin\PhysX.vcxproj", "{3C1490EE-C72C-31DB-8306-0604593C9207}"
	ProjectSection(ProjectDependencies) = postProject
		{0E2BDDFF-7D20-3A21-88CC-3341676D84C0} = {0E2BDDFF-7D20-3A21-88CC-3341676D84C0}
		{3D5D434F-86A3-34A5-AF01-96880828E99C} = {3D5D434F-86A3-34A5-AF01-96880828E99C}
		{D9FBC901-AF60-3C2C-946E-52D5AB425E33} = {D9FBC901-AF60-3C2C-946E-52D5AB425E33}
		{B9852F41-63F0-3AC8-AC7F-2F71599FE78A} = {B9852F41-63F0-3AC8-AC7F-2F71599FE78A}
		{F6EE13E1-895A-3C17-BE4F-B8AE8CF6EF6E} = {F6EE13E1-895A-3C17-BE4F-B8AE8CF6EF6E}
		{DAACA102-0CE9-3582-9B55-0C4731C8252A} = {DAACA102-0CE9-3582-9B55-0C4731C8252A}
		{C67593DA-8BDD-3B3A-8ABC-998B07B0C464} = {C67593DA-8BDD-3B3A-8ABC-998B07B0C464}
		{E32A05AA-E938-3A27-84C6-F5A960D41428} = {E32A05AA-E938-3A27-84C6-F5A960D41428}
		{04C28D17-08CD-33C7-9E81-47BBF685812F} = {04C28D17-08CD-33C7-9E81-47BBF685812F}
		{43BCC4AC-9FB7-31DF-897E-622487BABF68} = {43BCC4AC-9FB7-31DF-897E-622487BABF68}
	EndProjectSection
EndProject
Project("{8BC9CEB8-8B4A-11D0-8D11-00A0C91BC942}") = "PhysXCharacterKinematic", "..\sdk_source_bin\PhysXCharacterKinematic.vcxproj", "{FB97ADB5-D68B-342A-9CFA-367C71E2584A}"
	ProjectSection(ProjectDependencies) = postProject
		{F6EE13E1-895A-3C17-BE4F-B8AE8CF6EF6E} = {F6EE13E1-895A-3C17-BE4F-B8AE8CF6EF6E}
		{43BCC4AC-9FB7-31DF-897E-622487BABF68} = {43BCC4AC-9FB7-31DF-897E-622487BABF68}
	EndProjectSection
EndProject
Project("{8BC9CEB8-8B4A-11D0-8D11-00A0C91BC942}") = "PhysXCommon", "..\sdk_source_bin\PhysXCommon.vcxproj", "{B9852F41-63F0-3AC8-AC7F-2F71599FE78A}"
	ProjectSection(ProjectDependencies) = postProject
		{F6EE13E1-895A-3C17-BE4F-B8AE8CF6EF6E} = {F6EE13E1-895A-3C17-BE4F-B8AE8CF6EF6E}
		{43BCC4AC-9FB7-31DF-897E-622487BABF68} = {43BCC4AC-9FB7-31DF-897E-622487BABF68}
	EndProjectSection
EndProject
Project("{8BC9CEB8-8B4A-11D0-8D11-00A0C91BC942}") = "PhysXCooking", "..\sdk_source_bin\PhysXCooking.vcxproj", "{A0940FEE-4199-3EFB-9C1C-33CCF499CC6C}"
	ProjectSection(ProjectDependencies) = postProject
		{B9852F41-63F0-3AC8-AC7F-2F71599FE78A} = {B9852F41-63F0-3AC8-AC7F-2F71599FE78A}
		{F6EE13E1-895A-3C17-BE4F-B8AE8CF6EF6E} = {F6EE13E1-895A-3C17-BE4F-B8AE8CF6EF6E}
		{43BCC4AC-9FB7-31DF-897E-622487BABF68} = {43BCC4AC-9FB7-31DF-897E-622487BABF68}
	EndProjectSection
EndProject
Project("{8BC9CEB8-8B4A-11D0-8D11-00A0C91BC942}") = "PhysXExtensions", "..\sdk_source_bin\PhysXExtensions.vcxproj", "{7C7B66EF-47B6-3BDA-A4A5-A01410AFCE85}"
	ProjectSection(ProjectDependencies) = postProject
		{55245FF2-6214-3697-8EE2-64ED799E86DE} = {55245FF2-6214-3697-8EE2-64ED799E86DE}
		{3C1490EE-C72C-31DB-8306-0604593C9207} = {3C1490EE-C72C-31DB-8306-0604593C9207}
		{F6EE13E1-895A-3C17-BE4F-B8AE8CF6EF6E} = {F6EE13E1-895A-3C17-BE4F-B8AE8CF6EF6E}
		{DAACA102-0CE9-3582-9B55-0C4731C8252A} = {DAACA102-0CE9-3582-9B55-0C4731C8252A}
		{43BCC4AC-9FB7-31DF-897E-622487BABF68} = {43BCC4AC-9FB7-31DF-897E-622487BABF68}
	EndProjectSection
EndProject
Project("{8BC9CEB8-8B4A-11D0-8D11-00A0C91BC942}") = "PhysXFoundation", "..\sdk_source_bin\PhysXFoundation.vcxproj", "{F6EE13E1-895A-3C17-BE4F-B8AE8CF6EF6E}"
	ProjectSection(ProjectDependencies) = postProject
		{43BCC4AC-9FB7-31DF-897E-622487BABF68} = {43BCC4AC-9FB7-31DF-897E-622487BABF68}
	EndProjectSection
EndProject
Project("{8BC9CEB8-8B4A-11D0-8D11-00A0C91BC942}") = "PhysXPvdSDK", "..\sdk_source_bin\PhysXPvdSDK.vcxproj", "{DAACA102-0CE9-3582-9B55-0C4731C8252A}"
	ProjectSection(ProjectDependencies) = postProject
		{F6EE13E1-895A-3C17-BE4F-B8AE8CF6EF6E} = {F6EE13E1-895A-3C17-BE4F-B8AE8CF6EF6E}
		{43BCC4AC-9FB7-31DF-897E-622487BABF68} = {43BCC4AC-9FB7-31DF-897E-622487BABF68}
	EndProjectSection
EndProject
Project("{8BC9CEB8-8B4A-11D0-8D11-00A0C91BC942}") = "PhysXTask", "..\sdk_source_bin\PhysXTask.vcxproj", "{C67593DA-8BDD-3B3A-8ABC-998B07B0C464}"
	ProjectSection(ProjectDependencies) = postProject
		{43BCC4AC-9FB7-31DF-897E-622487BABF68} = {43BCC4AC-9FB7-31DF-897E-622487BABF68}
	EndProjectSection
EndProject
Project("{8BC9CEB8-8B4A-11D0-8D11-00A0C91BC942}") = "PhysXVehicle", "..\sdk_source_bin\PhysXVehicle.vcxproj", "{C3FD0598-706C-3F58-B50C-196CE4BF15FE}"
	ProjectSection(ProjectDependencies) = postProject
		{F6EE13E1-895A-3C17-BE4F-B8AE8CF6EF6E} = {F6EE13E1-895A-3C17-BE4F-B8AE8CF6EF6E}
		{DAACA102-0CE9-3582-9B55-0C4731C8252A} = {DAACA102-0CE9-3582-9B55-0C4731C8252A}
		{43BCC4AC-9FB7-31DF-897E-622487BABF68} = {43BCC4AC-9FB7-31DF-897E-622487BABF68}
	EndProjectSection
EndProject
Project("{8BC9CEB8-8B4A-11D0-8D11-00A0C91BC942}") = "SceneQuery", "..\sdk_source_bin\SceneQuery.vcxproj", "{E32A05AA-E938-3A27-84C6-F5A960D41428}"
	ProjectSection(ProjectDependencies) = postProject
		{43BCC4AC-9FB7-31DF-897E-622487BABF68} = {43BCC4AC-9FB7-31DF-897E-622487BABF68}
	EndProjectSection
EndProject
Project("{8BC9CEB8-8B4A-11D0-8D11-00A0C91BC942}") = "SimulationController", "..\sdk_source_bin\SimulationController.vcxproj", "{04C28D17-08CD-33C7-9E81-47BBF685812F}"
	ProjectSection(ProjectDependencies) = postProject
		{43BCC4AC-9FB7-31DF-897E-622487BABF68} = {43BCC4AC-9FB7-31DF-897E-622487BABF68}
	EndProjectSection
EndProject
Project("{8BC9CEB8-8B4A-11D0-8D11-00A0C91BC942}") = "SnippetArticulation", "SnippetArticulation.vcxproj", "{0C11B4A4-E157-308A-9425-5927AB1FC090}"
	ProjectSection(ProjectDependencies) = postProject
		{3C1490EE-C72C-31DB-8306-0604593C9207} = {3C1490EE-C72C-31DB-8306-0604593C9207}
		{FB97ADB5-D68B-342A-9CFA-367C71E2584A} = {FB97ADB5-D68B-342A-9CFA-367C71E2584A}
		{B9852F41-63F0-3AC8-AC7F-2F71599FE78A} = {B9852F41-63F0-3AC8-AC7F-2F71599FE78A}
		{A0940FEE-4199-3EFB-9C1C-33CCF499CC6C} = {A0940FEE-4199-3EFB-9C1C-33CCF499CC6C}
		{7C7B66EF-47B6-3BDA-A4A5-A01410AFCE85} = {7C7B66EF-47B6-3BDA-A4A5-A01410AFCE85}
		{F6EE13E1-895A-3C17-BE4F-B8AE8CF6EF6E} = {F6EE13E1-895A-3C17-BE4F-B8AE8CF6EF6E}
		{DAACA102-0CE9-3582-9B55-0C4731C8252A} = {DAACA102-0CE9-3582-9B55-0C4731C8252A}
		{C3FD0598-706C-3F58-B50C-196CE4BF15FE} = {C3FD0598-706C-3F58-B50C-196CE4BF15FE}
		{84042797-2970-3764-A521-A02A115E3604} = {84042797-2970-3764-A521-A02A115E3604}
		{53AC6B54-C973-3A15-BF74-86A34A07CA13} = {53AC6B54-C973-3A15-BF74-86A34A07CA13}
		{43BCC4AC-9FB7-31DF-897E-622487BABF68} = {43BCC4AC-9FB7-31DF-897E-622487BABF68}
	EndProjectSection
EndProject
Project("{8BC9CEB8-8B4A-11D0-8D11-00A0C91BC942}") = "SnippetBVHStructure", "SnippetBVHStructure.vcxproj", "{4F2C5E84-FF61-3DA9-809A-396B9034A6FB}"
	ProjectSection(ProjectDependencies) = postProject
		{3C1490EE-C72C-31DB-8306-0604593C9207} = {3C1490EE-C72C-31DB-8306-0604593C9207}
		{FB97ADB5-D68B-342A-9CFA-367C71E2584A} = {FB97ADB5-D68B-342A-9CFA-367C71E2584A}
		{B9852F41-63F0-3AC8-AC7F-2F71599FE78A} = {B9852F41-63F0-3AC8-AC7F-2F71599FE78A}
		{A0940FEE-4199-3EFB-9C1C-33CCF499CC6C} = {A0940FEE-4199-3EFB-9C1C-33CCF499CC6C}
		{7C7B66EF-47B6-3BDA-A4A5-A01410AFCE85} = {7C7B66EF-47B6-3BDA-A4A5-A01410AFCE85}
		{F6EE13E1-895A-3C17-BE4F-B8AE8CF6EF6E} = {F6EE13E1-895A-3C17-BE4F-B8AE8CF6EF6E}
		{DAACA102-0CE9-3582-9B55-0C4731C8252A} = {DAACA102-0CE9-3582-9B55-0C4731C8252A}
		{C3FD0598-706C-3F58-B50C-196CE4BF15FE} = {C3FD0598-706C-3F58-B50C-196CE4BF15FE}
		{84042797-2970-3764-A521-A02A115E3604} = {84042797-2970-3764-A521-A02A115E3604}
		{53AC6B54-C973-3A15-BF74-86A34A07CA13} = {53AC6B54-C973-3A15-BF74-86A34A07CA13}
		{43BCC4AC-9FB7-31DF-897E-622487BABF68} = {43BCC4AC-9FB7-31DF-897E-622487BABF68}
	EndProjectSection
EndProject
Project("{8BC9CEB8-8B4A-11D0-8D11-00A0C91BC942}") = "SnippetContactModification", "SnippetContactModification.vcxproj", "{E0E9A173-5997-3838-BBF5-56DE80773CFF}"
	ProjectSection(ProjectDependencies) = postProject
		{3C1490EE-C72C-31DB-8306-0604593C9207} = {3C1490EE-C72C-31DB-8306-0604593C9207}
		{FB97ADB5-D68B-342A-9CFA-367C71E2584A} = {FB97ADB5-D68B-342A-9CFA-367C71E2584A}
		{B9852F41-63F0-3AC8-AC7F-2F71599FE78A} = {B9852F41-63F0-3AC8-AC7F-2F71599FE78A}
		{A0940FEE-4199-3EFB-9C1C-33CCF499CC6C} = {A0940FEE-4199-3EFB-9C1C-33CCF499CC6C}
		{7C7B66EF-47B6-3BDA-A4A5-A01410AFCE85} = {7C7B66EF-47B6-3BDA-A4A5-A01410AFCE85}
		{F6EE13E1-895A-3C17-BE4F-B8AE8CF6EF6E} = {F6EE13E1-895A-3C17-BE4F-B8AE8CF6EF6E}
		{DAACA102-0CE9-3582-9B55-0C4731C8252A} = {DAACA102-0CE9-3582-9B55-0C4731C8252A}
		{C3FD0598-706C-3F58-B50C-196CE4BF15FE} = {C3FD0598-706C-3F58-B50C-196CE4BF15FE}
		{84042797-2970-3764-A521-A02A115E3604} = {84042797-2970-3764-A521-A02A115E3604}
		{53AC6B54-C973-3A15-BF74-86A34A07CA13} = {53AC6B54-C973-3A15-BF74-86A34A07CA13}
		{43BCC4AC-9FB7-31DF-897E-622487BABF68} = {43BCC4AC-9FB7-31DF-897E-622487BABF68}
	EndProjectSection
EndProject
Project("{8BC9CEB8-8B4A-11D0-8D11-00A0C91BC942}") = "SnippetContactReport", "SnippetContactReport.vcxproj", "{7E9D7E0F-B4D2-3DEA-99F2-F576B62A042E}"
	ProjectSection(ProjectDependencies) = postProject
		{3C1490EE-C72C-31DB-8306-0604593C9207} = {3C1490EE-C72C-31DB-8306-0604593C9207}
		{FB97ADB5-D68B-342A-9CFA-367C71E2584A} = {FB97ADB5-D68B-342A-9CFA-367C71E2584A}
		{B9852F41-63F0-3AC8-AC7F-2F71599FE78A} = {B9852F41-63F0-3AC8-AC7F-2F71599FE78A}
		{A0940FEE-4199-3EFB-9C1C-33CCF499CC6C} = {A0940FEE-4199-3EFB-9C1C-33CCF499CC6C}
		{7C7B66EF-47B6-3BDA-A4A5-A01410AFCE85} = {7C7B66EF-47B6-3BDA-A4A5-A01410AFCE85}
		{F6EE13E1-895A-3C17-BE4F-B8AE8CF6EF6E} = {F6EE13E1-895A-3C17-BE4F-B8AE8CF6EF6E}
		{DAACA102-0CE9-3582-9B55-0C4731C8252A} = {DAACA102-0CE9-3582-9B55-0C4731C8252A}
		{C3FD0598-706C-3F58-B50C-196CE4BF15FE} = {C3FD0598-706C-3F58-B50C-196CE4BF15FE}
		{84042797-2970-3764-A521-A02A115E3604} = {84042797-2970-3764-A521-A02A115E3604}
		{53AC6B54-C973-3A15-BF74-86A34A07CA13} = {53AC6B54-C973-3A15-BF74-86A34A07CA13}
		{43BCC4AC-9FB7-31DF-897E-622487BABF68} = {43BCC4AC-9FB7-31DF-897E-622487BABF68}
	EndProjectSection
EndProject
Project("{8BC9CEB8-8B4A-11D0-8D11-00A0C91BC942}") = "SnippetContactReportCCD", "SnippetContactReportCCD.vcxproj", "{AEF0F86F-6A68-3ECF-AF03-A781845A063D}"
	ProjectSection(ProjectDependencies) = postProject
		{3C1490EE-C72C-31DB-8306-0604593C9207} = {3C1490EE-C72C-31DB-8306-0604593C9207}
		{FB97ADB5-D68B-342A-9CFA-367C71E2584A} = {FB97ADB5-D68B-342A-9CFA-367C71E2584A}
		{B9852F41-63F0-3AC8-AC7F-2F71599FE78A} = {B9852F41-63F0-3AC8-AC7F-2F71599FE78A}
		{A0940FEE-4199-3EFB-9C1C-33CCF499CC6C} = {A0940FEE-4199-3EFB-9C1C-33CCF499CC6C}
		{7C7B66EF-47B6-3BDA-A4A5-A01410AFCE85} = {7C7B66EF-47B6-3BDA-A4A5-A01410AFCE85}
		{F6EE13E1-895A-3C17-BE4F-B8AE8CF6EF6E} = {F6EE13E1-895A-3C17-BE4F-B8AE8CF6EF6E}
		{DAACA102-0CE9-3582-9B55-0C4731C8252A} = {DAACA102-0CE9-3582-9B55-0C4731C8252A}
		{C3FD0598-706C-3F58-B50C-196CE4BF15FE} = {C3FD0598-706C-3F58-B50C-196CE4BF15FE}
		{84042797-2970-3764-A521-A02A115E3604} = {84042797-2970-3764-A521-A02A115E3604}
		{53AC6B54-C973-3A15-BF74-86A34A07CA13} = {53AC6B54-C973-3A15-BF74-86A34A07CA13}
		{43BCC4AC-9FB7-31DF-897E-622487BABF68} = {43BCC4AC-9FB7-31DF-897E-622487BABF68}
	EndProjectSection
EndProject
Project("{8BC9CEB8-8B4A-11D0-8D11-00A0C91BC942}") = "SnippetConvert", "SnippetConvert.vcxproj", "{3002B9FB-5C30-3F3E-B5AD-DFC8B36919EA}"
	ProjectSection(ProjectDependencies) = postProject
		{3C1490EE-C72C-31DB-8306-0604593C9207} = {3C1490EE-C72C-31DB-8306-0604593C9207}
		{FB97ADB5-D68B-342A-9CFA-367C71E2584A} = {FB97ADB5-D68B-342A-9CFA-367C71E2584A}
		{B9852F41-63F0-3AC8-AC7F-2F71599FE78A} = {B9852F41-63F0-3AC8-AC7F-2F71599FE78A}
		{A0940FEE-4199-3EFB-9C1C-33CCF499CC6C} = {A0940FEE-4199-3EFB-9C1C-33CCF499CC6C}
		{7C7B66EF-47B6-3BDA-A4A5-A01410AFCE85} = {7C7B66EF-47B6-3BDA-A4A5-A01410AFCE85}
		{F6EE13E1-895A-3C17-BE4F-B8AE8CF6EF6E} = {F6EE13E1-895A-3C17-BE4F-B8AE8CF6EF6E}
		{DAACA102-0CE9-3582-9B55-0C4731C8252A} = {DAACA102-0CE9-3582-9B55-0C4731C8252A}
		{C3FD0598-706C-3F58-B50C-196CE4BF15FE} = {C3FD0598-706C-3F58-B50C-196CE4BF15FE}
		{84042797-2970-3764-A521-A02A115E3604} = {84042797-2970-3764-A521-A02A115E3604}
		{53AC6B54-C973-3A15-BF74-86A34A07CA13} = {53AC6B54-C973-3A15-BF74-86A34A07CA13}
		{43BCC4AC-9FB7-31DF-897E-622487BABF68} = {43BCC4AC-9FB7-31DF-897E-622487BABF68}
	EndProjectSection
EndProject
Project("{8BC9CEB8-8B4A-11D0-8D11-00A0C91BC942}") = "SnippetConvexMeshCreate", "SnippetConvexMeshCreate.vcxproj", "{2EC9BF9B-2E39-31B3-BD24-F8A4C2871B63}"
	ProjectSection(ProjectDependencies) = postProject
		{3C1490EE-C72C-31DB-8306-0604593C9207} = {3C1490EE-C72C-31DB-8306-0604593C9207}
		{FB97ADB5-D68B-342A-9CFA-367C71E2584A} = {FB97ADB5-D68B-342A-9CFA-367C71E2584A}
		{B9852F41-63F0-3AC8-AC7F-2F71599FE78A} = {B9852F41-63F0-3AC8-AC7F-2F71599FE78A}
		{A0940FEE-4199-3EFB-9C1C-33CCF499CC6C} = {A0940FEE-4199-3EFB-9C1C-33CCF499CC6C}
		{7C7B66EF-47B6-3BDA-A4A5-A01410AFCE85} = {7C7B66EF-47B6-3BDA-A4A5-A01410AFCE85}
		{F6EE13E1-895A-3C17-BE4F-B8AE8CF6EF6E} = {F6EE13E1-895A-3C17-BE4F-B8AE8CF6EF6E}
		{DAACA102-0CE9-3582-9B55-0C4731C8252A} = {DAACA102-0CE9-3582-9B55-0C4731C8252A}
		{C3FD0598-706C-3F58-B50C-196CE4BF15FE} = {C3FD0598-706C-3F58-B50C-196CE4BF15FE}
		{84042797-2970-3764-A521-A02A115E3604} = {84042797-2970-3764-A521-A02A115E3604}
		{53AC6B54-C973-3A15-BF74-86A34A07CA13} = {53AC6B54-C973-3A15-BF74-86A34A07CA13}
		{43BCC4AC-9FB7-31DF-897E-622487BABF68} = {43BCC4AC-9FB7-31DF-897E-622487BABF68}
	EndProjectSection
EndProject
Project("{8BC9CEB8-8B4A-11D0-8D11-00A0C91BC942}") = "SnippetCustomJoint", "SnippetCustomJoint.vcxproj", "{7EC20D0A-45B5-31C5-A2C3-8C43BFF3B648}"
	ProjectSection(ProjectDependencies) = postProject
		{3C1490EE-C72C-31DB-8306-0604593C9207} = {3C1490EE-C72C-31DB-8306-0604593C9207}
		{FB97ADB5-D68B-342A-9CFA-367C71E2584A} = {FB97ADB5-D68B-342A-9CFA-367C71E2584A}
		{B9852F41-63F0-3AC8-AC7F-2F71599FE78A} = {B9852F41-63F0-3AC8-AC7F-2F71599FE78A}
		{A0940FEE-4199-3EFB-9C1C-33CCF499CC6C} = {A0940FEE-4199-3EFB-9C1C-33CCF499CC6C}
		{7C7B66EF-47B6-3BDA-A4A5-A01410AFCE85} = {7C7B66EF-47B6-3BDA-A4A5-A01410AFCE85}
		{F6EE13E1-895A-3C17-BE4F-B8AE8CF6EF6E} = {F6EE13E1-895A-3C17-BE4F-B8AE8CF6EF6E}
		{DAACA102-0CE9-3582-9B55-0C4731C8252A} = {DAACA102-0CE9-3582-9B55-0C4731C8252A}
		{C3FD0598-706C-3F58-B50C-196CE4BF15FE} = {C3FD0598-706C-3F58-B50C-196CE4BF15FE}
		{84042797-2970-3764-A521-A02A115E3604} = {84042797-2970-3764-A521-A02A115E3604}
		{53AC6B54-C973-3A15-BF74-86A34A07CA13} = {53AC6B54-C973-3A15-BF74-86A34A07CA13}
		{43BCC4AC-9FB7-31DF-897E-622487BABF68} = {43BCC4AC-9FB7-31DF-897E-622487BABF68}
	EndProjectSection
EndProject
Project("{8BC9CEB8-8B4A-11D0-8D11-00A0C91BC942}") = "SnippetCustomProfiler", "SnippetCustomProfiler.vcxproj", "{923F45CD-1220-3EE2-BCE6-E8E32438F807}"
	ProjectSection(ProjectDependencies) = postProject
		{3C1490EE-C72C-31DB-8306-0604593C9207} = {3C1490EE-C72C-31DB-8306-0604593C9207}
		{FB97ADB5-D68B-342A-9CFA-367C71E2584A} = {FB97ADB5-D68B-342A-9CFA-367C71E2584A}
		{B9852F41-63F0-3AC8-AC7F-2F71599FE78A} = {B9852F41-63F0-3AC8-AC7F-2F71599FE78A}
		{A0940FEE-4199-3EFB-9C1C-33CCF499CC6C} = {A0940FEE-4199-3EFB-9C1C-33CCF499CC6C}
		{7C7B66EF-47B6-3BDA-A4A5-A01410AFCE85} = {7C7B66EF-47B6-3BDA-A4A5-A01410AFCE85}
		{F6EE13E1-895A-3C17-BE4F-B8AE8CF6EF6E} = {F6EE13E1-895A-3C17-BE4F-B8AE8CF6EF6E}
		{DAACA102-0CE9-3582-9B55-0C4731C8252A} = {DAACA102-0CE9-3582-9B55-0C4731C8252A}
		{C3FD0598-706C-3F58-B50C-196CE4BF15FE} = {C3FD0598-706C-3F58-B50C-196CE4BF15FE}
		{84042797-2970-3764-A521-A02A115E3604} = {84042797-2970-3764-A521-A02A115E3604}
		{53AC6B54-C973-3A15-BF74-86A34A07CA13} = {53AC6B54-C973-3A15-BF74-86A34A07CA13}
		{43BCC4AC-9FB7-31DF-897E-622487BABF68} = {43BCC4AC-9FB7-31DF-897E-622487BABF68}
	EndProjectSection
EndProject
Project("{8BC9CEB8-8B4A-11D0-8D11-00A0C91BC942}") = "SnippetDeformableMesh", "SnippetDeformableMesh.vcxproj", "{FB336FC5-EC7F-3E63-875C-40745CA83F73}"
	ProjectSection(ProjectDependencies) = postProject
		{3C1490EE-C72C-31DB-8306-0604593C9207} = {3C1490EE-C72C-31DB-8306-0604593C9207}
		{FB97ADB5-D68B-342A-9CFA-367C71E2584A} = {FB97ADB5-D68B-342A-9CFA-367C71E2584A}
		{B9852F41-63F0-3AC8-AC7F-2F71599FE78A} = {B9852F41-63F0-3AC8-AC7F-2F71599FE78A}
		{A0940FEE-4199-3EFB-9C1C-33CCF499CC6C} = {A0940FEE-4199-3EFB-9C1C-33CCF499CC6C}
		{7C7B66EF-47B6-3BDA-A4A5-A01410AFCE85} = {7C7B66EF-47B6-3BDA-A4A5-A01410AFCE85}
		{F6EE13E1-895A-3C17-BE4F-B8AE8CF6EF6E} = {F6EE13E1-895A-3C17-BE4F-B8AE8CF6EF6E}
		{DAACA102-0CE9-3582-9B55-0C4731C8252A} = {DAACA102-0CE9-3582-9B55-0C4731C8252A}
		{C3FD0598-706C-3F58-B50C-196CE4BF15FE} = {C3FD0598-706C-3F58-B50C-196CE4BF15FE}
		{84042797-2970-3764-A521-A02A115E3604} = {84042797-2970-3764-A521-A02A115E3604}
		{53AC6B54-C973-3A15-BF74-86A34A07CA13} = {53AC6B54-C973-3A15-BF74-86A34A07CA13}
		{43BCC4AC-9FB7-31DF-897E-622487BABF68} = {43BCC4AC-9FB7-31DF-897E-622487BABF68}
	EndProjectSection
EndProject
Project("{8BC9CEB8-8B4A-11D0-8D11-00A0C91BC942}") = "SnippetDelayLoadHook", "SnippetDelayLoadHook.vcxproj", "{6952D580-0D8E-3E9D-86C3-131BAB2DA5BC}"
	ProjectSection(ProjectDependencies) = postProject
		{3C1490EE-C72C-31DB-8306-0604593C9207} = {3C1490EE-C72C-31DB-8306-0604593C9207}
		{FB97ADB5-D68B-342A-9CFA-367C71E2584A} = {FB97ADB5-D68B-342A-9CFA-367C71E2584A}
		{B9852F41-63F0-3AC8-AC7F-2F71599FE78A} = {B9852F41-63F0-3AC8-AC7F-2F71599FE78A}
		{A0940FEE-4199-3EFB-9C1C-33CCF499CC6C} = {A0940FEE-4199-3EFB-9C1C-33CCF499CC6C}
		{7C7B66EF-47B6-3BDA-A4A5-A01410AFCE85} = {7C7B66EF-47B6-3BDA-A4A5-A01410AFCE85}
		{F6EE13E1-895A-3C17-BE4F-B8AE8CF6EF6E} = {F6EE13E1-895A-3C17-BE4F-B8AE8CF6EF6E}
		{DAACA102-0CE9-3582-9B55-0C4731C8252A} = {DAACA102-0CE9-3582-9B55-0C4731C8252A}
		{C3FD0598-706C-3F58-B50C-196CE4BF15FE} = {C3FD0598-706C-3F58-B50C-196CE4BF15FE}
		{84042797-2970-3764-A521-A02A115E3604} = {84042797-2970-3764-A521-A02A115E3604}
		{53AC6B54-C973-3A15-BF74-86A34A07CA13} = {53AC6B54-C973-3A15-BF74-86A34A07CA13}
		{43BCC4AC-9FB7-31DF-897E-622487BABF68} = {43BCC4AC-9FB7-31DF-897E-622487BABF68}
	EndProjectSection
EndProject
Project("{8BC9CEB8-8B4A-11D0-8D11-00A0C91BC942}") = "SnippetHelloGRB", "SnippetHelloGRB.vcxproj", "{4CF640E4-F2C8-35B5-891C-49D302E48C07}"
	ProjectSection(ProjectDependencies) = postProject
		{3C1490EE-C72C-31DB-8306-0604593C9207} = {3C1490EE-C72C-31DB-8306-0604593C9207}
		{FB97ADB5-D68B-342A-9CFA-367C71E2584A} = {FB97ADB5-D68B-342A-9CFA-367C71E2584A}
		{B9852F41-63F0-3AC8-AC7F-2F71599FE78A} = {B9852F41-63F0-3AC8-AC7F-2F71599FE78A}
		{A0940FEE-4199-3EFB-9C1C-33CCF499CC6C} = {A0940FEE-4199-3EFB-9C1C-33CCF499CC6C}
		{7C7B66EF-47B6-3BDA-A4A5-A01410AFCE85} = {7C7B66EF-47B6-3BDA-A4A5-A01410AFCE85}
		{F6EE13E1-895A-3C17-BE4F-B8AE8CF6EF6E} = {F6EE13E1-895A-3C17-BE4F-B8AE8CF6EF6E}
		{DAACA102-0CE9-3582-9B55-0C4731C8252A} = {DAACA102-0CE9-3582-9B55-0C4731C8252A}
		{C3FD0598-706C-3F58-B50C-196CE4BF15FE} = {C3FD0598-706C-3F58-B50C-196CE4BF15FE}
		{84042797-2970-3764-A521-A02A115E3604} = {84042797-2970-3764-A521-A02A115E3604}
		{53AC6B54-C973-3A15-BF74-86A34A07CA13} = {53AC6B54-C973-3A15-BF74-86A34A07CA13}
		{43BCC4AC-9FB7-31DF-897E-622487BABF68} = {43BCC4AC-9FB7-31DF-897E-622487BABF68}
	EndProjectSection
EndProject
Project("{8BC9CEB8-8B4A-11D0-8D11-00A0C91BC942}") = "SnippetHelloWorld", "SnippetHelloWorld.vcxproj", "{06387B31-C4E3-3441-A161-7D6D820776AB}"
	ProjectSection(ProjectDependencies) = postProject
		{3C1490EE-C72C-31DB-8306-0604593C9207} = {3C1490EE-C72C-31DB-8306-0604593C9207}
		{FB97ADB5-D68B-342A-9CFA-367C71E2584A} = {FB97ADB5-D68B-342A-9CFA-367C71E2584A}
		{B9852F41-63F0-3AC8-AC7F-2F71599FE78A} = {B9852F41-63F0-3AC8-AC7F-2F71599FE78A}
		{A0940FEE-4199-3EFB-9C1C-33CCF499CC6C} = {A0940FEE-4199-3EFB-9C1C-33CCF499CC6C}
		{7C7B66EF-47B6-3BDA-A4A5-A01410AFCE85} = {7C7B66EF-47B6-3BDA-A4A5-A01410AFCE85}
		{F6EE13E1-895A-3C17-BE4F-B8AE8CF6EF6E} = {F6EE13E1-895A-3C17-BE4F-B8AE8CF6EF6E}
		{DAACA102-0CE9-3582-9B55-0C4731C8252A} = {DAACA102-0CE9-3582-9B55-0C4731C8252A}
		{C3FD0598-706C-3F58-B50C-196CE4BF15FE} = {C3FD0598-706C-3F58-B50C-196CE4BF15FE}
		{84042797-2970-3764-A521-A02A115E3604} = {84042797-2970-3764-A521-A02A115E3604}
		{53AC6B54-C973-3A15-BF74-86A34A07CA13} = {53AC6B54-C973-3A15-BF74-86A34A07CA13}
		{43BCC4AC-9FB7-31DF-897E-622487BABF68} = {43BCC4AC-9FB7-31DF-897E-622487BABF68}
	EndProjectSection
EndProject
Project("{8BC9CEB8-8B4A-11D0-8D11-00A0C91BC942}") = "SnippetImmediateArticulation", "SnippetImmediateArticulation.vcxproj", "{DA53FE08-1DAB-3C62-B21C-0A670F6E08C2}"
	ProjectSection(ProjectDependencies) = postProject
		{3C1490EE-C72C-31DB-8306-0604593C9207} = {3C1490EE-C72C-31DB-8306-0604593C9207}
		{FB97ADB5-D68B-342A-9CFA-367C71E2584A} = {FB97ADB5-D68B-342A-9CFA-367C71E2584A}
		{B9852F41-63F0-3AC8-AC7F-2F71599FE78A} = {B9852F41-63F0-3AC8-AC7F-2F71599FE78A}
		{A0940FEE-4199-3EFB-9C1C-33CCF499CC6C} = {A0940FEE-4199-3EFB-9C1C-33CCF499CC6C}
		{7C7B66EF-47B6-3BDA-A4A5-A01410AFCE85} = {7C7B66EF-47B6-3BDA-A4A5-A01410AFCE85}
		{F6EE13E1-895A-3C17-BE4F-B8AE8CF6EF6E} = {F6EE13E1-895A-3C17-BE4F-B8AE8CF6EF6E}
		{DAACA102-0CE9-3582-9B55-0C4731C8252A} = {DAACA102-0CE9-3582-9B55-0C4731C8252A}
		{C3FD0598-706C-3F58-B50C-196CE4BF15FE} = {C3FD0598-706C-3F58-B50C-196CE4BF15FE}
		{84042797-2970-3764-A521-A02A115E3604} = {84042797-2970-3764-A521-A02A115E3604}
		{53AC6B54-C973-3A15-BF74-86A34A07CA13} = {53AC6B54-C973-3A15-BF74-86A34A07CA13}
		{43BCC4AC-9FB7-31DF-897E-622487BABF68} = {43BCC4AC-9FB7-31DF-897E-622487BABF68}
	EndProjectSection
EndProject
Project("{8BC9CEB8-8B4A-11D0-8D11-00A0C91BC942}") = "SnippetImmediateMode", "SnippetImmediateMode.vcxproj", "{621F918B-A564-3B5E-91E7-B3D83D98749A}"
	ProjectSection(ProjectDependencies) = postProject
		{3C1490EE-C72C-31DB-8306-0604593C9207} = {3C1490EE-C72C-31DB-8306-0604593C9207}
		{FB97ADB5-D68B-342A-9CFA-367C71E2584A} = {FB97ADB5-D68B-342A-9CFA-367C71E2584A}
		{B9852F41-63F0-3AC8-AC7F-2F71599FE78A} = {B9852F41-63F0-3AC8-AC7F-2F71599FE78A}
		{A0940FEE-4199-3EFB-9C1C-33CCF499CC6C} = {A0940FEE-4199-3EFB-9C1C-33CCF499CC6C}
		{7C7B66EF-47B6-3BDA-A4A5-A01410AFCE85} = {7C7B66EF-47B6-3BDA-A4A5-A01410AFCE85}
		{F6EE13E1-895A-3C17-BE4F-B8AE8CF6EF6E} = {F6EE13E1-895A-3C17-BE4F-B8AE8CF6EF6E}
		{DAACA102-0CE9-3582-9B55-0C4731C8252A} = {DAACA102-0CE9-3582-9B55-0C4731C8252A}
		{C3FD0598-706C-3F58-B50C-196CE4BF15FE} = {C3FD0598-706C-3F58-B50C-196CE4BF15FE}
		{84042797-2970-3764-A521-A02A115E3604} = {84042797-2970-3764-A521-A02A115E3604}
		{53AC6B54-C973-3A15-BF74-86A34A07CA13} = {53AC6B54-C973-3A15-BF74-86A34A07CA13}
		{43BCC4AC-9FB7-31DF-897E-622487BABF68} = {43BCC4AC-9FB7-31DF-897E-622487BABF68}
	EndProjectSection
EndProject
Project("{8BC9CEB8-8B4A-11D0-8D11-00A0C91BC942}") = "SnippetJoint", "SnippetJoint.vcxproj", "{4721255E-B9A2-310D-80A0-A237F9913BAB}"
	ProjectSection(ProjectDependencies) = postProject
		{3C1490EE-C72C-31DB-8306-0604593C9207} = {3C1490EE-C72C-31DB-8306-0604593C9207}
		{FB97ADB5-D68B-342A-9CFA-367C71E2584A} = {FB97ADB5-D68B-342A-9CFA-367C71E2584A}
		{B9852F41-63F0-3AC8-AC7F-2F71599FE78A} = {B9852F41-63F0-3AC8-AC7F-2F71599FE78A}
		{A0940FEE-4199-3EFB-9C1C-33CCF499CC6C} = {A0940FEE-4199-3EFB-9C1C-33CCF499CC6C}
		{7C7B66EF-47B6-3BDA-A4A5-A01410AFCE85} = {7C7B66EF-47B6-3BDA-A4A5-A01410AFCE85}
		{F6EE13E1-895A-3C17-BE4F-B8AE8CF6EF6E} = {F6EE13E1-895A-3C17-BE4F-B8AE8CF6EF6E}
		{DAACA102-0CE9-3582-9B55-0C4731C8252A} = {DAACA102-0CE9-3582-9B55-0C4731C8252A}
		{C3FD0598-706C-3F58-B50C-196CE4BF15FE} = {C3FD0598-706C-3F58-B50C-196CE4BF15FE}
		{84042797-2970-3764-A521-A02A115E3604} = {84042797-2970-3764-A521-A02A115E3604}
		{53AC6B54-C973-3A15-BF74-86A34A07CA13} = {53AC6B54-C973-3A15-BF74-86A34A07CA13}
		{43BCC4AC-9FB7-31DF-897E-622487BABF68} = {43BCC4AC-9FB7-31DF-897E-622487BABF68}
	EndProjectSection
EndProject
Project("{8BC9CEB8-8B4A-11D0-8D11-00A0C91BC942}") = "SnippetLoadCollection", "SnippetLoadCollection.vcxproj", "{5A68F80E-AF9B-34F8-BB17-B3416B5C8B05}"
	ProjectSection(ProjectDependencies) = postProject
		{3C1490EE-C72C-31DB-8306-0604593C9207} = {3C1490EE-C72C-31DB-8306-0604593C9207}
		{FB97ADB5-D68B-342A-9CFA-367C71E2584A} = {FB97ADB5-D68B-342A-9CFA-367C71E2584A}
		{B9852F41-63F0-3AC8-AC7F-2F71599FE78A} = {B9852F41-63F0-3AC8-AC7F-2F71599FE78A}
		{A0940FEE-4199-3EFB-9C1C-33CCF499CC6C} = {A0940FEE-4199-3EFB-9C1C-33CCF499CC6C}
		{7C7B66EF-47B6-3BDA-A4A5-A01410AFCE85} = {7C7B66EF-47B6-3BDA-A4A5-A01410AFCE85}
		{F6EE13E1-895A-3C17-BE4F-B8AE8CF6EF6E} = {F6EE13E1-895A-3C17-BE4F-B8AE8CF6EF6E}
		{DAACA102-0CE9-3582-9B55-0C4731C8252A} = {DAACA102-0CE9-3582-9B55-0C4731C8252A}
		{C3FD0598-706C-3F58-B50C-196CE4BF15FE} = {C3FD0598-706C-3F58-B50C-196CE4BF15FE}
		{84042797-2970-3764-A521-A02A115E3604} = {84042797-2970-3764-A521-A02A115E3604}
		{53AC6B54-C973-3A15-BF74-86A34A07CA13} = {53AC6B54-C973-3A15-BF74-86A34A07CA13}
		{43BCC4AC-9FB7-31DF-897E-622487BABF68} = {43BCC4AC-9FB7-31DF-897E-622487BABF68}
	EndProjectSection
EndProject
Project("{8BC9CEB8-8B4A-11D0-8D11-00A0C91BC942}") = "SnippetMBP", "SnippetMBP.vcxproj", "{FF4F9CDA-3A03-35D1-B291-BF7DA5699078}"
	ProjectSection(ProjectDependencies) = postProject
		{3C1490EE-C72C-31DB-8306-0604593C9207} = {3C1490EE-C72C-31DB-8306-0604593C9207}
		{FB97ADB5-D68B-342A-9CFA-367C71E2584A} = {FB97ADB5-D68B-342A-9CFA-367C71E2584A}
		{B9852F41-63F0-3AC8-AC7F-2F71599FE78A} = {B9852F41-63F0-3AC8-AC7F-2F71599FE78A}
		{A0940FEE-4199-3EFB-9C1C-33CCF499CC6C} = {A0940FEE-4199-3EFB-9C1C-33CCF499CC6C}
		{7C7B66EF-47B6-3BDA-A4A5-A01410AFCE85} = {7C7B66EF-47B6-3BDA-A4A5-A01410AFCE85}
		{F6EE13E1-895A-3C17-BE4F-B8AE8CF6EF6E} = {F6EE13E1-895A-3C17-BE4F-B8AE8CF6EF6E}
		{DAACA102-0CE9-3582-9B55-0C4731C8252A} = {DAACA102-0CE9-3582-9B55-0C4731C8252A}
		{C3FD0598-706C-3F58-B50C-196CE4BF15FE} = {C3FD0598-706C-3F58-B50C-196CE4BF15FE}
		{84042797-2970-3764-A521-A02A115E3604} = {84042797-2970-3764-A521-A02A115E3604}
		{53AC6B54-C973-3A15-BF74-86A34A07CA13} = {53AC6B54-C973-3A15-BF74-86A34A07CA13}
		{43BCC4AC-9FB7-31DF-897E-622487BABF68} = {43BCC4AC-9FB7-31DF-897E-622487BABF68}
	EndProjectSection
EndProject
Project("{8BC9CEB8-8B4A-11D0-8D11-00A0C91BC942}") = "SnippetMultiThreading", "SnippetMultiThreading.vcxproj", "{7E4A6BC3-1385-38D5-AD43-CE1C1F494B56}"
	ProjectSection(ProjectDependencies) = postProject
		{3C1490EE-C72C-31DB-8306-0604593C9207} = {3C1490EE-C72C-31DB-8306-0604593C9207}
		{FB97ADB5-D68B-342A-9CFA-367C71E2584A} = {FB97ADB5-D68B-342A-9CFA-367C71E2584A}
		{B9852F41-63F0-3AC8-AC7F-2F71599FE78A} = {B9852F41-63F0-3AC8-AC7F-2F71599FE78A}
		{A0940FEE-4199-3EFB-9C1C-33CCF499CC6C} = {A0940FEE-4199-3EFB-9C1C-33CCF499CC6C}
		{7C7B66EF-47B6-3BDA-A4A5-A01410AFCE85} = {7C7B66EF-47B6-3BDA-A4A5-A01410AFCE85}
		{F6EE13E1-895A-3C17-BE4F-B8AE8CF6EF6E} = {F6EE13E1-895A-3C17-BE4F-B8AE8CF6EF6E}
		{DAACA102-0CE9-3582-9B55-0C4731C8252A} = {DAACA102-0CE9-3582-9B55-0C4731C8252A}
		{C3FD0598-706C-3F58-B50C-196CE4BF15FE} = {C3FD0598-706C-3F58-B50C-196CE4BF15FE}
		{84042797-2970-3764-A521-A02A115E3604} = {84042797-2970-3764-A521-A02A115E3604}
		{53AC6B54-C973-3A15-BF74-86A34A07CA13} = {53AC6B54-C973-3A15-BF74-86A34A07CA13}
		{43BCC4AC-9FB7-31DF-897E-622487BABF68} = {43BCC4AC-9FB7-31DF-897E-622487BABF68}
	EndProjectSection
EndProject
Project("{8BC9CEB8-8B4A-11D0-8D11-00A0C91BC942}") = "SnippetNestedScene", "SnippetNestedScene.vcxproj", "{A2420C0E-7FBE-311B-B90C-BE8F658422D6}"
	ProjectSection(ProjectDependencies) = postProject
		{3C1490EE-C72C-31DB-8306-0604593C9207} = {3C1490EE-C72C-31DB-8306-0604593C9207}
		{FB97ADB5-D68B-342A-9CFA-367C71E2584A} = {FB97ADB5-D68B-342A-9CFA-367C71E2584A}
		{B9852F41-63F0-3AC8-AC7F-2F71599FE78A} = {B9852F41-63F0-3AC8-AC7F-2F71599FE78A}
		{A0940FEE-4199-3EFB-9C1C-33CCF499CC6C} = {A0940FEE-4199-3EFB-9C1C-33CCF499CC6C}
		{7C7B66EF-47B6-3BDA-A4A5-A01410AFCE85} = {7C7B66EF-47B6-3BDA-A4A5-A01410AFCE85}
		{F6EE13E1-895A-3C17-BE4F-B8AE8CF6EF6E} = {F6EE13E1-895A-3C17-BE4F-B8AE8CF6EF6E}
		{DAACA102-0CE9-3582-9B55-0C4731C8252A} = {DAACA102-0CE9-3582-9B55-0C4731C8252A}
		{C67593DA-8BDD-3B3A-8ABC-998B07B0C464} = {C67593DA-8BDD-3B3A-8ABC-998B07B0C464}
		{C3FD0598-706C-3F58-B50C-196CE4BF15FE} = {C3FD0598-706C-3F58-B50C-196CE4BF15FE}
		{84042797-2970-3764-A521-A02A115E3604} = {84042797-2970-3764-A521-A02A115E3604}
		{53AC6B54-C973-3A15-BF74-86A34A07CA13} = {53AC6B54-C973-3A15-BF74-86A34A07CA13}
		{43BCC4AC-9FB7-31DF-897E-622487BABF68} = {43BCC4AC-9FB7-31DF-897E-622487BABF68}
	EndProjectSection
EndProject
Project("{8BC9CEB8-8B4A-11D0-8D11-00A0C91BC942}") = "SnippetPrunerSerialization", "SnippetPrunerSerialization.vcxproj", "{455AF355-967F-39E1-8B12-6823F763D5DA}"
	ProjectSection(ProjectDependencies) = postProject
		{3C1490EE-C72C-31DB-8306-0604593C9207} = {3C1490EE-C72C-31DB-8306-0604593C9207}
		{FB97ADB5-D68B-342A-9CFA-367C71E2584A} = {FB97ADB5-D68B-342A-9CFA-367C71E2584A}
		{B9852F41-63F0-3AC8-AC7F-2F71599FE78A} = {B9852F41-63F0-3AC8-AC7F-2F71599FE78A}
		{A0940FEE-4199-3EFB-9C1C-33CCF499CC6C} = {A0940FEE-4199-3EFB-9C1C-33CCF499CC6C}
		{7C7B66EF-47B6-3BDA-A4A5-A01410AFCE85} = {7C7B66EF-47B6-3BDA-A4A5-A01410AFCE85}
		{F6EE13E1-895A-3C17-BE4F-B8AE8CF6EF6E} = {F6EE13E1-895A-3C17-BE4F-B8AE8CF6EF6E}
		{DAACA102-0CE9-3582-9B55-0C4731C8252A} = {DAACA102-0CE9-3582-9B55-0C4731C8252A}
		{C3FD0598-706C-3F58-B50C-196CE4BF15FE} = {C3FD0598-706C-3F58-B50C-196CE4BF15FE}
		{84042797-2970-3764-A521-A02A115E3604} = {84042797-2970-3764-A521-A02A115E3604}
		{53AC6B54-C973-3A15-BF74-86A34A07CA13} = {53AC6B54-C973-3A15-BF74-86A34A07CA13}
		{43BCC4AC-9FB7-31DF-897E-622487BABF68} = {43BCC4AC-9FB7-31DF-897E-622487BABF68}
	EndProjectSection
EndProject
Project("{8BC9CEB8-8B4A-11D0-8D11-00A0C91BC942}") = "SnippetRaycastCCD", "SnippetRaycastCCD.vcxproj", "{07BF6ABB-6F8C-3308-AFFD-0B4348D7D81E}"
	ProjectSection(ProjectDependencies) = postProject
		{3C1490EE-C72C-31DB-8306-0604593C9207} = {3C1490EE-C72C-31DB-8306-0604593C9207}
		{FB97ADB5-D68B-342A-9CFA-367C71E2584A} = {FB97ADB5-D68B-342A-9CFA-367C71E2584A}
		{B9852F41-63F0-3AC8-AC7F-2F71599FE78A} = {B9852F41-63F0-3AC8-AC7F-2F71599FE78A}
		{A0940FEE-4199-3EFB-9C1C-33CCF499CC6C} = {A0940FEE-4199-3EFB-9C1C-33CCF499CC6C}
		{7C7B66EF-47B6-3BDA-A4A5-A01410AFCE85} = {7C7B66EF-47B6-3BDA-A4A5-A01410AFCE85}
		{F6EE13E1-895A-3C17-BE4F-B8AE8CF6EF6E} = {F6EE13E1-895A-3C17-BE4F-B8AE8CF6EF6E}
		{DAACA102-0CE9-3582-9B55-0C4731C8252A} = {DAACA102-0CE9-3582-9B55-0C4731C8252A}
		{C3FD0598-706C-3F58-B50C-196CE4BF15FE} = {C3FD0598-706C-3F58-B50C-196CE4BF15FE}
		{84042797-2970-3764-A521-A02A115E3604} = {84042797-2970-3764-A521-A02A115E3604}
		{53AC6B54-C973-3A15-BF74-86A34A07CA13} = {53AC6B54-C973-3A15-BF74-86A34A07CA13}
		{43BCC4AC-9FB7-31DF-897E-622487BABF68} = {43BCC4AC-9FB7-31DF-897E-622487BABF68}
	EndProjectSection
EndProject
Project("{8BC9CEB8-8B4A-11D0-8D11-00A0C91BC942}") = "SnippetRender", "SnippetRender.vcxproj", "{84042797-2970-3764-A521-A02A115E3604}"
	ProjectSection(ProjectDependencies) = postProject
		{F6EE13E1-895A-3C17-BE4F-B8AE8CF6EF6E} = {F6EE13E1-895A-3C17-BE4F-B8AE8CF6EF6E}
		{43BCC4AC-9FB7-31DF-897E-622487BABF68} = {43BCC4AC-9FB7-31DF-897E-622487BABF68}
	EndProjectSection
EndProject
Project("{8BC9CEB8-8B4A-11D0-8D11-00A0C91BC942}") = "SnippetSerialization", "SnippetSerialization.vcxproj", "{06FA5309-CE50-392A-8A54-4AAC31840706}"
	ProjectSection(ProjectDependencies) = postProject
		{3C1490EE-C72C-31DB-8306-0604593C9207} = {3C1490EE-C72C-31DB-8306-0604593C9207}
		{FB97ADB5-D68B-342A-9CFA-367C71E2584A} = {FB97ADB5-D68B-342A-9CFA-367C71E2584A}
		{B9852F41-63F0-3AC8-AC7F-2F71599FE78A} = {B9852F41-63F0-3AC8-AC7F-2F71599FE78A}
		{A0940FEE-4199-3EFB-9C1C-33CCF499CC6C} = {A0940FEE-4199-3EFB-9C1C-33CCF499CC6C}
		{7C7B66EF-47B6-3BDA-A4A5-A01410AFCE85} = {7C7B66EF-47B6-3BDA-A4A5-A01410AFCE85}
		{F6EE13E1-895A-3C17-BE4F-B8AE8CF6EF6E} = {F6EE13E1-895A-3C17-BE4F-B8AE8CF6EF6E}
		{DAACA102-0CE9-3582-9B55-0C4731C8252A} = {DAACA102-0CE9-3582-9B55-0C4731C8252A}
		{C3FD0598-706C-3F58-B50C-196CE4BF15FE} = {C3FD0598-706C-3F58-B50C-196CE4BF15FE}
		{84042797-2970-3764-A521-A02A115E3604} = {84042797-2970-3764-A521-A02A115E3604}
		{53AC6B54-C973-3A15-BF74-86A34A07CA13} = {53AC6B54-C973-3A15-BF74-86A34A07CA13}
		{43BCC4AC-9FB7-31DF-897E-622487BABF68} = {43BCC4AC-9FB7-31DF-897E-622487BABF68}
	EndProjectSection
EndProject
Project("{8BC9CEB8-8B4A-11D0-8D11-00A0C91BC942}") = "SnippetSplitFetchResults", "SnippetSplitFetchResults.vcxproj", "{8B40D86A-BBF4-3D0B-B607-2866C3D401F4}"
	ProjectSection(ProjectDependencies) = postProject
		{3C1490EE-C72C-31DB-8306-0604593C9207} = {3C1490EE-C72C-31DB-8306-0604593C9207}
		{FB97ADB5-D68B-342A-9CFA-367C71E2584A} = {FB97ADB5-D68B-342A-9CFA-367C71E2584A}
		{B9852F41-63F0-3AC8-AC7F-2F71599FE78A} = {B9852F41-63F0-3AC8-AC7F-2F71599FE78A}
		{A0940FEE-4199-3EFB-9C1C-33CCF499CC6C} = {A0940FEE-4199-3EFB-9C1C-33CCF499CC6C}
		{7C7B66EF-47B6-3BDA-A4A5-A01410AFCE85} = {7C7B66EF-47B6-3BDA-A4A5-A01410AFCE85}
		{F6EE13E1-895A-3C17-BE4F-B8AE8CF6EF6E} = {F6EE13E1-895A-3C17-BE4F-B8AE8CF6EF6E}
		{DAACA102-0CE9-3582-9B55-0C4731C8252A} = {DAACA102-0CE9-3582-9B55-0C4731C8252A}
		{C3FD0598-706C-3F58-B50C-196CE4BF15FE} = {C3FD0598-706C-3F58-B50C-196CE4BF15FE}
		{84042797-2970-3764-A521-A02A115E3604} = {84042797-2970-3764-A521-A02A115E3604}
		{53AC6B54-C973-3A15-BF74-86A34A07CA13} = {53AC6B54-C973-3A15-BF74-86A34A07CA13}
		{43BCC4AC-9FB7-31DF-897E-622487BABF68} = {43BCC4AC-9FB7-31DF-897E-622487BABF68}
	EndProjectSection
EndProject
Project("{8BC9CEB8-8B4A-11D0-8D11-00A0C91BC942}") = "SnippetSplitSim", "SnippetSplitSim.vcxproj", "{09B61AF2-FB1C-3D0E-9F4A-07C87F9A7184}"
	ProjectSection(ProjectDependencies) = postProject
		{3C1490EE-C72C-31DB-8306-0604593C9207} = {3C1490EE-C72C-31DB-8306-0604593C9207}
		{FB97ADB5-D68B-342A-9CFA-367C71E2584A} = {FB97ADB5-D68B-342A-9CFA-367C71E2584A}
		{B9852F41-63F0-3AC8-AC7F-2F71599FE78A} = {B9852F41-63F0-3AC8-AC7F-2F71599FE78A}
		{A0940FEE-4199-3EFB-9C1C-33CCF499CC6C} = {A0940FEE-4199-3EFB-9C1C-33CCF499CC6C}
		{7C7B66EF-47B6-3BDA-A4A5-A01410AFCE85} = {7C7B66EF-47B6-3BDA-A4A5-A01410AFCE85}
		{F6EE13E1-895A-3C17-BE4F-B8AE8CF6EF6E} = {F6EE13E1-895A-3C17-BE4F-B8AE8CF6EF6E}
		{DAACA102-0CE9-3582-9B55-0C4731C8252A} = {DAACA102-0CE9-3582-9B55-0C4731C8252A}
		{C3FD0598-706C-3F58-B50C-196CE4BF15FE} = {C3FD0598-706C-3F58-B50C-196CE4BF15FE}
		{84042797-2970-3764-A521-A02A115E3604} = {84042797-2970-3764-A521-A02A115E3604}
		{53AC6B54-C973-3A15-BF74-86A34A07CA13} = {53AC6B54-C973-3A15-BF74-86A34A07CA13}
		{43BCC4AC-9FB7-31DF-897E-622487BABF68} = {43BCC4AC-9FB7-31DF-897E-622487BABF68}
	EndProjectSection
EndProject
Project("{8BC9CEB8-8B4A-11D0-8D11-00A0C91BC942}") = "SnippetStepper", "SnippetStepper.vcxproj", "{A9575197-07AC-395E-B43A-4E2F64F27504}"
	ProjectSection(ProjectDependencies) = postProject
		{3C1490EE-C72C-31DB-8306-0604593C9207} = {3C1490EE-C72C-31DB-8306-0604593C9207}
		{FB97ADB5-D68B-342A-9CFA-367C71E2584A} = {FB97ADB5-D68B-342A-9CFA-367C71E2584A}
		{B9852F41-63F0-3AC8-AC7F-2F71599FE78A} = {B9852F41-63F0-3AC8-AC7F-2F71599FE78A}
		{A0940FEE-4199-3EFB-9C1C-33CCF499CC6C} = {A0940FEE-4199-3EFB-9C1C-33CCF499CC6C}
		{7C7B66EF-47B6-3BDA-A4A5-A01410AFCE85} = {7C7B66EF-47B6-3BDA-A4A5-A01410AFCE85}
		{F6EE13E1-895A-3C17-BE4F-B8AE8CF6EF6E} = {F6EE13E1-895A-3C17-BE4F-B8AE8CF6EF6E}
		{DAACA102-0CE9-3582-9B55-0C4731C8252A} = {DAACA102-0CE9-3582-9B55-0C4731C8252A}
		{C3FD0598-706C-3F58-B50C-196CE4BF15FE} = {C3FD0598-706C-3F58-B50C-196CE4BF15FE}
		{84042797-2970-3764-A521-A02A115E3604} = {84042797-2970-3764-A521-A02A115E3604}
		{53AC6B54-C973-3A15-BF74-86A34A07CA13} = {53AC6B54-C973-3A15-BF74-86A34A07CA13}
		{43BCC4AC-9FB7-31DF-897E-622487BABF68} = {43BCC4AC-9FB7-31DF-897E-622487BABF68}
	EndProjectSection
EndProject
Project("{8BC9CEB8-8B4A-11D0-8D11-00A0C91BC942}") = "SnippetToleranceScale", "SnippetToleranceScale.vcxproj", "{F2959103-C54D-3A9A-8584-8EFD143774F1}"
	ProjectSection(ProjectDependencies) = postProject
		{3C1490EE-C72C-31DB-8306-0604593C9207} = {3C1490EE-C72C-31DB-8306-0604593C9207}
		{FB97ADB5-D68B-342A-9CFA-367C71E2584A} = {FB97ADB5-D68B-342A-9CFA-367C71E2584A}
		{B9852F41-63F0-3AC8-AC7F-2F71599FE78A} = {B9852F41-63F0-3AC8-AC7F-2F71599FE78A}
		{A0940FEE-4199-3EFB-9C1C-33CCF499CC6C} = {A0940FEE-4199-3EFB-9C1C-33CCF499CC6C}
		{7C7B66EF-47B6-3BDA-A4A5-A01410AFCE85} = {7C7B66EF-47B6-3BDA-A4A5-A01410AFCE85}
		{F6EE13E1-895A-3C17-BE4F-B8AE8CF6EF6E} = {F6EE13E1-895A-3C17-BE4F-B8AE8CF6EF6E}
		{DAACA102-0CE9-3582-9B55-0C4731C8252A} = {DAACA102-0CE9-3582-9B55-0C4731C8252A}
		{C3FD0598-706C-3F58-B50C-196CE4BF15FE} = {C3FD0598-706C-3F58-B50C-196CE4BF15FE}
		{84042797-2970-3764-A521-A02A115E3604} = {84042797-2970-3764-A521-A02A115E3604}
		{53AC6B54-C973-3A15-BF74-86A34A07CA13} = {53AC6B54-C973-3A15-BF74-86A34A07CA13}
		{43BCC4AC-9FB7-31DF-897E-622487BABF68} = {43BCC4AC-9FB7-31DF-897E-622487BABF68}
	EndProjectSection
EndProject
Project("{8BC9CEB8-8B4A-11D0-8D11-00A0C91BC942}") = "SnippetTriangleMeshCreate", "SnippetTriangleMeshCreate.vcxproj", "{038DC81E-213A-35C1-BB31-17B018FCA251}"
	ProjectSection(ProjectDependencies) = postProject
		{3C1490EE-C72C-31DB-8306-0604593C9207} = {3C1490EE-C72C-31DB-8306-0604593C9207}
		{FB97ADB5-D68B-342A-9CFA-367C71E2584A} = {FB97ADB5-D68B-342A-9CFA-367C71E2584A}
		{B9852F41-63F0-3AC8-AC7F-2F71599FE78A} = {B9852F41-63F0-3AC8-AC7F-2F71599FE78A}
		{A0940FEE-4199-3EFB-9C1C-33CCF499CC6C} = {A0940FEE-4199-3EFB-9C1C-33CCF499CC6C}
		{7C7B66EF-47B6-3BDA-A4A5-A01410AFCE85} = {7C7B66EF-47B6-3BDA-A4A5-A01410AFCE85}
		{F6EE13E1-895A-3C17-BE4F-B8AE8CF6EF6E} = {F6EE13E1-895A-3C17-BE4F-B8AE8CF6EF6E}
		{DAACA102-0CE9-3582-9B55-0C4731C8252A} = {DAACA102-0CE9-3582-9B55-0C4731C8252A}
		{C3FD0598-706C-3F58-B50C-196CE4BF15FE} = {C3FD0598-706C-3F58-B50C-196CE4BF15FE}
		{84042797-2970-3764-A521-A02A115E3604} = {84042797-2970-3764-A521-A02A115E3604}
		{53AC6B54-C973-3A15-BF74-86A34A07CA13} = {53AC6B54-C973-3A15-BF74-86A34A07CA13}
		{43BCC4AC-9FB7-31DF-897E-622487BABF68} = {43BCC4AC-9FB7-31DF-897E-622487BABF68}
	EndProjectSection
EndProject
Project("{8BC9CEB8-8B4A-11D0-8D11-00A0C91BC942}") = "SnippetUtils", "SnippetUtils.vcxproj", "{53AC6B54-C973-3A15-BF74-86A34A07CA13}"
	ProjectSection(ProjectDependencies) = postProject
		{F6EE13E1-895A-3C17-BE4F-B8AE8CF6EF6E} = {F6EE13E1-895A-3C17-BE4F-B8AE8CF6EF6E}
		{43BCC4AC-9FB7-31DF-897E-622487BABF68} = {43BCC4AC-9FB7-31DF-897E-622487BABF68}
	EndProjectSection
EndProject
Project("{8BC9CEB8-8B4A-11D0-8D11-00A0C91BC942}") = "SnippetVehicle4W", "SnippetVehicle4W.vcxproj", "{45ECD856-4B4D-34F4-97A0-1948BB8CC910}"
	ProjectSection(ProjectDependencies) = postProject
		{3C1490EE-C72C-31DB-8306-0604593C9207} = {3C1490EE-C72C-31DB-8306-0604593C9207}
		{FB97ADB5-D68B-342A-9CFA-367C71E2584A} = {FB97ADB5-D68B-342A-9CFA-367C71E2584A}
		{B9852F41-63F0-3AC8-AC7F-2F71599FE78A} = {B9852F41-63F0-3AC8-AC7F-2F71599FE78A}
		{A0940FEE-4199-3EFB-9C1C-33CCF499CC6C} = {A0940FEE-4199-3EFB-9C1C-33CCF499CC6C}
		{7C7B66EF-47B6-3BDA-A4A5-A01410AFCE85} = {7C7B66EF-47B6-3BDA-A4A5-A01410AFCE85}
		{F6EE13E1-895A-3C17-BE4F-B8AE8CF6EF6E} = {F6EE13E1-895A-3C17-BE4F-B8AE8CF6EF6E}
		{DAACA102-0CE9-3582-9B55-0C4731C8252A} = {DAACA102-0CE9-3582-9B55-0C4731C8252A}
		{C67593DA-8BDD-3B3A-8ABC-998B07B0C464} = {C67593DA-8BDD-3B3A-8ABC-998B07B0C464}
		{C3FD0598-706C-3F58-B50C-196CE4BF15FE} = {C3FD0598-706C-3F58-B50C-196CE4BF15FE}
		{84042797-2970-3764-A521-A02A115E3604} = {84042797-2970-3764-A521-A02A115E3604}
		{53AC6B54-C973-3A15-BF74-86A34A07CA13} = {53AC6B54-C973-3A15-BF74-86A34A07CA13}
		{43BCC4AC-9FB7-31DF-897E-622487BABF68} = {43BCC4AC-9FB7-31DF-897E-622487BABF68}
	EndProjectSection
EndProject
Project("{8BC9CEB8-8B4A-11D0-8D11-00A0C91BC942}") = "SnippetVehicleContactMod", "SnippetVehicleContactMod.vcxproj", "{B66F7AFA-8A00-3384-A3B0-0F23C7F9AFA5}"
	ProjectSection(ProjectDependencies) = postProject
		{3C1490EE-C72C-31DB-8306-0604593C9207} = {3C1490EE-C72C-31DB-8306-0604593C9207}
		{FB97ADB5-D68B-342A-9CFA-367C71E2584A} = {FB97ADB5-D68B-342A-9CFA-367C71E2584A}
		{B9852F41-63F0-3AC8-AC7F-2F71599FE78A} = {B9852F41-63F0-3AC8-AC7F-2F71599FE78A}
		{A0940FEE-4199-3EFB-9C1C-33CCF499CC6C} = {A0940FEE-4199-3EFB-9C1C-33CCF499CC6C}
		{7C7B66EF-47B6-3BDA-A4A5-A01410AFCE85} = {7C7B66EF-47B6-3BDA-A4A5-A01410AFCE85}
		{F6EE13E1-895A-3C17-BE4F-B8AE8CF6EF6E} = {F6EE13E1-895A-3C17-BE4F-B8AE8CF6EF6E}
		{DAACA102-0CE9-3582-9B55-0C4731C8252A} = {DAACA102-0CE9-3582-9B55-0C4731C8252A}
		{C67593DA-8BDD-3B3A-8ABC-998B07B0C464} = {C67593DA-8BDD-3B3A-8ABC-998B07B0C464}
		{C3FD0598-706C-3F58-B50C-196CE4BF15FE} = {C3FD0598-706C-3F58-B50C-196CE4BF15FE}
		{84042797-2970-3764-A521-A02A115E3604} = {84042797-2970-3764-A521-A02A115E3604}
		{53AC6B54-C973-3A15-BF74-86A34A07CA13} = {53AC6B54-C973-3A15-BF74-86A34A07CA13}
		{43BCC4AC-9FB7-31DF-897E-622487BABF68} = {43BCC4AC-9FB7-31DF-897E-622487BABF68}
	EndProjectSection
EndProject
Project("{8BC9CEB8-8B4A-11D0-8D11-00A0C91BC942}") = "SnippetVehicleMultiThreading", "SnippetVehicleMultiThreading.vcxproj", "{E915E111-EB9A-3432-9E36-1D82E134BC1C}"
	ProjectSection(ProjectDependencies) = postProject
		{3C1490EE-C72C-31DB-8306-0604593C9207} = {3C1490EE-C72C-31DB-8306-0604593C9207}
		{FB97ADB5-D68B-342A-9CFA-367C71E2584A} = {FB97ADB5-D68B-342A-9CFA-367C71E2584A}
		{B9852F41-63F0-3AC8-AC7F-2F71599FE78A} = {B9852F41-63F0-3AC8-AC7F-2F71599FE78A}
		{A0940FEE-4199-3EFB-9C1C-33CCF499CC6C} = {A0940FEE-4199-3EFB-9C1C-33CCF499CC6C}
		{7C7B66EF-47B6-3BDA-A4A5-A01410AFCE85} = {7C7B66EF-47B6-3BDA-A4A5-A01410AFCE85}
		{F6EE13E1-895A-3C17-BE4F-B8AE8CF6EF6E} = {F6EE13E1-895A-3C17-BE4F-B8AE8CF6EF6E}
		{DAACA102-0CE9-3582-9B55-0C4731C8252A} = {DAACA102-0CE9-3582-9B55-0C4731C8252A}
		{C67593DA-8BDD-3B3A-8ABC-998B07B0C464} = {C67593DA-8BDD-3B3A-8ABC-998B07B0C464}
		{C3FD0598-706C-3F58-B50C-196CE4BF15FE} = {C3FD0598-706C-3F58-B50C-196CE4BF15FE}
		{84042797-2970-3764-A521-A02A115E3604} = {84042797-2970-3764-A521-A02A115E3604}
		{53AC6B54-C973-3A15-BF74-86A34A07CA13} = {53AC6B54-C973-3A15-BF74-86A34A07CA13}
		{43BCC4AC-9FB7-31DF-897E-622487BABF68} = {43BCC4AC-9FB7-31DF-897E-622487BABF68}
	EndProjectSection
EndProject
Project("{8BC9CEB8-8B4A-11D0-8D11-00A0C91BC942}") = "SnippetVehicleNoDrive", "SnippetVehicleNoDrive.vcxproj", "{B20C18A1-DEF6-3766-8B07-DF3531103679}"
	ProjectSection(ProjectDependencies) = postProject
		{3C1490EE-C72C-31DB-8306-0604593C9207} = {3C1490EE-C72C-31DB-8306-0604593C9207}
		{FB97ADB5-D68B-342A-9CFA-367C71E2584A} = {FB97ADB5-D68B-342A-9CFA-367C71E2584A}
		{B9852F41-63F0-3AC8-AC7F-2F71599FE78A} = {B9852F41-63F0-3AC8-AC7F-2F71599FE78A}
		{A0940FEE-4199-3EFB-9C1C-33CCF499CC6C} = {A0940FEE-4199-3EFB-9C1C-33CCF499CC6C}
		{7C7B66EF-47B6-3BDA-A4A5-A01410AFCE85} = {7C7B66EF-47B6-3BDA-A4A5-A01410AFCE85}
		{F6EE13E1-895A-3C17-BE4F-B8AE8CF6EF6E} = {F6EE13E1-895A-3C17-BE4F-B8AE8CF6EF6E}
		{DAACA102-0CE9-3582-9B55-0C4731C8252A} = {DAACA102-0CE9-3582-9B55-0C4731C8252A}
		{C67593DA-8BDD-3B3A-8ABC-998B07B0C464} = {C67593DA-8BDD-3B3A-8ABC-998B07B0C464}
		{C3FD0598-706C-3F58-B50C-196CE4BF15FE} = {C3FD0598-706C-3F58-B50C-196CE4BF15FE}
		{84042797-2970-3764-A521-A02A115E3604} = {84042797-2970-3764-A521-A02A115E3604}
		{53AC6B54-C973-3A15-BF74-86A34A07CA13} = {53AC6B54-C973-3A15-BF74-86A34A07CA13}
		{43BCC4AC-9FB7-31DF-897E-622487BABF68} = {43BCC4AC-9FB7-31DF-897E-622487BABF68}
	EndProjectSection
EndProject
Project("{8BC9CEB8-8B4A-11D0-8D11-00A0C91BC942}") = "SnippetVehicleScale", "SnippetVehicleScale.vcxproj", "{B6FBA1AB-3E13-316F-A9B3-075C96D8E632}"
	ProjectSection(ProjectDependencies) = postProject
		{3C1490EE-C72C-31DB-8306-0604593C9207} = {3C1490EE-C72C-31DB-8306-0604593C9207}
		{FB97ADB5-D68B-342A-9CFA-367C71E2584A} = {FB97ADB5-D68B-342A-9CFA-367C71E2584A}
		{B9852F41-63F0-3AC8-AC7F-2F71599FE78A} = {B9852F41-63F0-3AC8-AC7F-2F71599FE78A}
		{A0940FEE-4199-3EFB-9C1C-33CCF499CC6C} = {A0940FEE-4199-3EFB-9C1C-33CCF499CC6C}
		{7C7B66EF-47B6-3BDA-A4A5-A01410AFCE85} = {7C7B66EF-47B6-3BDA-A4A5-A01410AFCE85}
		{F6EE13E1-895A-3C17-BE4F-B8AE8CF6EF6E} = {F6EE13E1-895A-3C17-BE4F-B8AE8CF6EF6E}
		{DAACA102-0CE9-3582-9B55-0C4731C8252A} = {DAACA102-0CE9-3582-9B55-0C4731C8252A}
		{C67593DA-8BDD-3B3A-8ABC-998B07B0C464} = {C67593DA-8BDD-3B3A-8ABC-998B07B0C464}
		{C3FD0598-706C-3F58-B50C-196CE4BF15FE} = {C3FD0598-706C-3F58-B50C-196CE4BF15FE}
		{84042797-2970-3764-A521-A02A115E3604} = {84042797-2970-3764-A521-A02A115E3604}
		{53AC6B54-C973-3A15-BF74-86A34A07CA13} = {53AC6B54-C973-3A15-BF74-86A34A07CA13}
		{43BCC4AC-9FB7-31DF-897E-622487BABF68} = {43BCC4AC-9FB7-31DF-897E-622487BABF68}
	EndProjectSection
EndProject
Project("{8BC9CEB8-8B4A-11D0-8D11-00A0C91BC942}") = "SnippetVehicleTank", "SnippetVehicleTank.vcxproj", "{92698C9F-6842-33B6-A412-3BC897BF478F}"
	ProjectSection(ProjectDependencies) = postProject
		{3C1490EE-C72C-31DB-8306-0604593C9207} = {3C1490EE-C72C-31DB-8306-0604593C9207}
		{FB97ADB5-D68B-342A-9CFA-367C71E2584A} = {FB97ADB5-D68B-342A-9CFA-367C71E2584A}
		{B9852F41-63F0-3AC8-AC7F-2F71599FE78A} = {B9852F41-63F0-3AC8-AC7F-2F71599FE78A}
		{A0940FEE-4199-3EFB-9C1C-33CCF499CC6C} = {A0940FEE-4199-3EFB-9C1C-33CCF499CC6C}
		{7C7B66EF-47B6-3BDA-A4A5-A01410AFCE85} = {7C7B66EF-47B6-3BDA-A4A5-A01410AFCE85}
		{F6EE13E1-895A-3C17-BE4F-B8AE8CF6EF6E} = {F6EE13E1-895A-3C17-BE4F-B8AE8CF6EF6E}
		{DAACA102-0CE9-3582-9B55-0C4731C8252A} = {DAACA102-0CE9-3582-9B55-0C4731C8252A}
		{C67593DA-8BDD-3B3A-8ABC-998B07B0C464} = {C67593DA-8BDD-3B3A-8ABC-998B07B0C464}
		{C3FD0598-706C-3F58-B50C-196CE4BF15FE} = {C3FD0598-706C-3F58-B50C-196CE4BF15FE}
		{84042797-2970-3764-A521-A02A115E3604} = {84042797-2970-3764-A521-A02A115E3604}
		{53AC6B54-C973-3A15-BF74-86A34A07CA13} = {53AC6B54-C973-3A15-BF74-86A34A07CA13}
		{43BCC4AC-9FB7-31DF-897E-622487BABF68} = {43BCC4AC-9FB7-31DF-897E-622487BABF68}
	EndProjectSection
EndProject
Project("{8BC9CEB8-8B4A-11D0-8D11-00A0C91BC942}") = "ZERO_CHECK", "..\\ZERO_CHECK.vcxproj", "{43BCC4AC-9FB7-31DF-897E-622487BABF68}"
	ProjectSection(ProjectDependencies) = postProject
	EndProjectSection
EndProject
Global
	GlobalSection(SolutionConfigurationPlatforms) = preSolution
		debug|x64 = debug|x64
		checked|x64 = checked|x64
		profile|x64 = profile|x64
		release|x64 = release|x64
	EndGlobalSection
	GlobalSection(ProjectConfigurationPlatforms) = postSolution
		{15FBDFE4-5EEC-34D5-84EF-11518F69EC9F}.debug|x64.ActiveCfg = debug|x64
		{15FBDFE4-5EEC-34D5-84EF-11518F69EC9F}.debug|x64.Build.0 = debug|x64
		{15FBDFE4-5EEC-34D5-84EF-11518F69EC9F}.checked|x64.ActiveCfg = checked|x64
		{15FBDFE4-5EEC-34D5-84EF-11518F69EC9F}.checked|x64.Build.0 = checked|x64
		{15FBDFE4-5EEC-34D5-84EF-11518F69EC9F}.profile|x64.ActiveCfg = profile|x64
		{15FBDFE4-5EEC-34D5-84EF-11518F69EC9F}.profile|x64.Build.0 = profile|x64
		{15FBDFE4-5EEC-34D5-84EF-11518F69EC9F}.release|x64.ActiveCfg = release|x64
		{15FBDFE4-5EEC-34D5-84EF-11518F69EC9F}.release|x64.Build.0 = release|x64
		{55245FF2-6214-3697-8EE2-64ED799E86DE}.debug|x64.ActiveCfg = debug|x64
		{55245FF2-6214-3697-8EE2-64ED799E86DE}.debug|x64.Build.0 = debug|x64
		{55245FF2-6214-3697-8EE2-64ED799E86DE}.checked|x64.ActiveCfg = checked|x64
		{55245FF2-6214-3697-8EE2-64ED799E86DE}.checked|x64.Build.0 = checked|x64
		{55245FF2-6214-3697-8EE2-64ED799E86DE}.profile|x64.ActiveCfg = profile|x64
		{55245FF2-6214-3697-8EE2-64ED799E86DE}.profile|x64.Build.0 = profile|x64
		{55245FF2-6214-3697-8EE2-64ED799E86DE}.release|x64.ActiveCfg = release|x64
		{55245FF2-6214-3697-8EE2-64ED799E86DE}.release|x64.Build.0 = release|x64
		{1EB2A897-BC38-3307-894B-0A21EDC08626}.debug|x64.ActiveCfg = debug|x64
		{1EB2A897-BC38-3307-894B-0A21EDC08626}.checked|x64.ActiveCfg = checked|x64
		{1EB2A897-BC38-3307-894B-0A21EDC08626}.profile|x64.ActiveCfg = profile|x64
		{1EB2A897-BC38-3307-894B-0A21EDC08626}.release|x64.ActiveCfg = release|x64
		{0E2BDDFF-7D20-3A21-88CC-3341676D84C0}.debug|x64.ActiveCfg = debug|x64
		{0E2BDDFF-7D20-3A21-88CC-3341676D84C0}.debug|x64.Build.0 = debug|x64
		{0E2BDDFF-7D20-3A21-88CC-3341676D84C0}.checked|x64.ActiveCfg = checked|x64
		{0E2BDDFF-7D20-3A21-88CC-3341676D84C0}.checked|x64.Build.0 = checked|x64
		{0E2BDDFF-7D20-3A21-88CC-3341676D84C0}.profile|x64.ActiveCfg = profile|x64
		{0E2BDDFF-7D20-3A21-88CC-3341676D84C0}.profile|x64.Build.0 = profile|x64
		{0E2BDDFF-7D20-3A21-88CC-3341676D84C0}.release|x64.ActiveCfg = release|x64
		{0E2BDDFF-7D20-3A21-88CC-3341676D84C0}.release|x64.Build.0 = release|x64
		{3D5D434F-86A3-34A5-AF01-96880828E99C}.debug|x64.ActiveCfg = debug|x64
		{3D5D434F-86A3-34A5-AF01-96880828E99C}.debug|x64.Build.0 = debug|x64
		{3D5D434F-86A3-34A5-AF01-96880828E99C}.checked|x64.ActiveCfg = checked|x64
		{3D5D434F-86A3-34A5-AF01-96880828E99C}.checked|x64.Build.0 = checked|x64
		{3D5D434F-86A3-34A5-AF01-96880828E99C}.profile|x64.ActiveCfg = profile|x64
		{3D5D434F-86A3-34A5-AF01-96880828E99C}.profile|x64.Build.0 = profile|x64
		{3D5D434F-86A3-34A5-AF01-96880828E99C}.release|x64.ActiveCfg = release|x64
		{3D5D434F-86A3-34A5-AF01-96880828E99C}.release|x64.Build.0 = release|x64
		{D9FBC901-AF60-3C2C-946E-52D5AB425E33}.debug|x64.ActiveCfg = debug|x64
		{D9FBC901-AF60-3C2C-946E-52D5AB425E33}.debug|x64.Build.0 = debug|x64
		{D9FBC901-AF60-3C2C-946E-52D5AB425E33}.checked|x64.ActiveCfg = checked|x64
		{D9FBC901-AF60-3C2C-946E-52D5AB425E33}.checked|x64.Build.0 = checked|x64
		{D9FBC901-AF60-3C2C-946E-52D5AB425E33}.profile|x64.ActiveCfg = profile|x64
		{D9FBC901-AF60-3C2C-946E-52D5AB425E33}.profile|x64.Build.0 = profile|x64
		{D9FBC901-AF60-3C2C-946E-52D5AB425E33}.release|x64.ActiveCfg = release|x64
		{D9FBC901-AF60-3C2C-946E-52D5AB425E33}.release|x64.Build.0 = release|x64
		{3C1490EE-C72C-31DB-8306-0604593C9207}.debug|x64.ActiveCfg = debug|x64
		{3C1490EE-C72C-31DB-8306-0604593C9207}.debug|x64.Build.0 = debug|x64
		{3C1490EE-C72C-31DB-8306-0604593C9207}.checked|x64.ActiveCfg = checked|x64
		{3C1490EE-C72C-31DB-8306-0604593C9207}.checked|x64.Build.0 = checked|x64
		{3C1490EE-C72C-31DB-8306-0604593C9207}.profile|x64.ActiveCfg = profile|x64
		{3C1490EE-C72C-31DB-8306-0604593C9207}.profile|x64.Build.0 = profile|x64
		{3C1490EE-C72C-31DB-8306-0604593C9207}.release|x64.ActiveCfg = release|x64
		{3C1490EE-C72C-31DB-8306-0604593C9207}.release|x64.Build.0 = release|x64
		{FB97ADB5-D68B-342A-9CFA-367C71E2584A}.debug|x64.ActiveCfg = debug|x64
		{FB97ADB5-D68B-342A-9CFA-367C71E2584A}.debug|x64.Build.0 = debug|x64
		{FB97ADB5-D68B-342A-9CFA-367C71E2584A}.checked|x64.ActiveCfg = checked|x64
		{FB97ADB5-D68B-342A-9CFA-367C71E2584A}.checked|x64.Build.0 = checked|x64
		{FB97ADB5-D68B-342A-9CFA-367C71E2584A}.profile|x64.ActiveCfg = profile|x64
		{FB97ADB5-D68B-342A-9CFA-367C71E2584A}.profile|x64.Build.0 = profile|x64
		{FB97ADB5-D68B-342A-9CFA-367C71E2584A}.release|x64.ActiveCfg = release|x64
		{FB97ADB5-D68B-342A-9CFA-367C71E2584A}.release|x64.Build.0 = release|x64
		{B9852F41-63F0-3AC8-AC7F-2F71599FE78A}.debug|x64.ActiveCfg = debug|x64
		{B9852F41-63F0-3AC8-AC7F-2F71599FE78A}.debug|x64.Build.0 = debug|x64
		{B9852F41-63F0-3AC8-AC7F-2F71599FE78A}.checked|x64.ActiveCfg = checked|x64
		{B9852F41-63F0-3AC8-AC7F-2F71599FE78A}.checked|x64.Build.0 = checked|x64
		{B9852F41-63F0-3AC8-AC7F-2F71599FE78A}.profile|x64.ActiveCfg = profile|x64
		{B9852F41-63F0-3AC8-AC7F-2F71599FE78A}.profile|x64.Build.0 = profile|x64
		{B9852F41-63F0-3AC8-AC7F-2F71599FE78A}.release|x64.ActiveCfg = release|x64
		{B9852F41-63F0-3AC8-AC7F-2F71599FE78A}.release|x64.Build.0 = release|x64
		{A0940FEE-4199-3EFB-9C1C-33CCF499CC6C}.debug|x64.ActiveCfg = debug|x64
		{A0940FEE-4199-3EFB-9C1C-33CCF499CC6C}.debug|x64.Build.0 = debug|x64
		{A0940FEE-4199-3EFB-9C1C-33CCF499CC6C}.checked|x64.ActiveCfg = checked|x64
		{A0940FEE-4199-3EFB-9C1C-33CCF499CC6C}.checked|x64.Build.0 = checked|x64
		{A0940FEE-4199-3EFB-9C1C-33CCF499CC6C}.profile|x64.ActiveCfg = profile|x64
		{A0940FEE-4199-3EFB-9C1C-33CCF499CC6C}.profile|x64.Build.0 = profile|x64
		{A0940FEE-4199-3EFB-9C1C-33CCF499CC6C}.release|x64.ActiveCfg = release|x64
		{A0940FEE-4199-3EFB-9C1C-33CCF499CC6C}.release|x64.Build.0 = release|x64
		{7C7B66EF-47B6-3BDA-A4A5-A01410AFCE85}.debug|x64.ActiveCfg = debug|x64
		{7C7B66EF-47B6-3BDA-A4A5-A01410AFCE85}.debug|x64.Build.0 = debug|x64
		{7C7B66EF-47B6-3BDA-A4A5-A01410AFCE85}.checked|x64.ActiveCfg = checked|x64
		{7C7B66EF-47B6-3BDA-A4A5-A01410AFCE85}.checked|x64.Build.0 = checked|x64
		{7C7B66EF-47B6-3BDA-A4A5-A01410AFCE85}.profile|x64.ActiveCfg = profile|x64
		{7C7B66EF-47B6-3BDA-A4A5-A01410AFCE85}.profile|x64.Build.0 = profile|x64
		{7C7B66EF-47B6-3BDA-A4A5-A01410AFCE85}.release|x64.ActiveCfg = release|x64
		{7C7B66EF-47B6-3BDA-A4A5-A01410AFCE85}.release|x64.Build.0 = release|x64
		{F6EE13E1-895A-3C17-BE4F-B8AE8CF6EF6E}.debug|x64.ActiveCfg = debug|x64
		{F6EE13E1-895A-3C17-BE4F-B8AE8CF6EF6E}.debug|x64.Build.0 = debug|x64
		{F6EE13E1-895A-3C17-BE4F-B8AE8CF6EF6E}.checked|x64.ActiveCfg = checked|x64
		{F6EE13E1-895A-3C17-BE4F-B8AE8CF6EF6E}.checked|x64.Build.0 = checked|x64
		{F6EE13E1-895A-3C17-BE4F-B8AE8CF6EF6E}.profile|x64.ActiveCfg = profile|x64
		{F6EE13E1-895A-3C17-BE4F-B8AE8CF6EF6E}.profile|x64.Build.0 = profile|x64
		{F6EE13E1-895A-3C17-BE4F-B8AE8CF6EF6E}.release|x64.ActiveCfg = release|x64
		{F6EE13E1-895A-3C17-BE4F-B8AE8CF6EF6E}.release|x64.Build.0 = release|x64
		{DAACA102-0CE9-3582-9B55-0C4731C8252A}.debug|x64.ActiveCfg = debug|x64
		{DAACA102-0CE9-3582-9B55-0C4731C8252A}.debug|x64.Build.0 = debug|x64
		{DAACA102-0CE9-3582-9B55-0C4731C8252A}.checked|x64.ActiveCfg = checked|x64
		{DAACA102-0CE9-3582-9B55-0C4731C8252A}.checked|x64.Build.0 = checked|x64
		{DAACA102-0CE9-3582-9B55-0C4731C8252A}.profile|x64.ActiveCfg = profile|x64
		{DAACA102-0CE9-3582-9B55-0C4731C8252A}.profile|x64.Build.0 = profile|x64
		{DAACA102-0CE9-3582-9B55-0C4731C8252A}.release|x64.ActiveCfg = release|x64
		{DAACA102-0CE9-3582-9B55-0C4731C8252A}.release|x64.Build.0 = release|x64
		{C67593DA-8BDD-3B3A-8ABC-998B07B0C464}.debug|x64.ActiveCfg = debug|x64
		{C67593DA-8BDD-3B3A-8ABC-998B07B0C464}.debug|x64.Build.0 = debug|x64
		{C67593DA-8BDD-3B3A-8ABC-998B07B0C464}.checked|x64.ActiveCfg = checked|x64
		{C67593DA-8BDD-3B3A-8ABC-998B07B0C464}.checked|x64.Build.0 = checked|x64
		{C67593DA-8BDD-3B3A-8ABC-998B07B0C464}.profile|x64.ActiveCfg = profile|x64
		{C67593DA-8BDD-3B3A-8ABC-998B07B0C464}.profile|x64.Build.0 = profile|x64
		{C67593DA-8BDD-3B3A-8ABC-998B07B0C464}.release|x64.ActiveCfg = release|x64
		{C67593DA-8BDD-3B3A-8ABC-998B07B0C464}.release|x64.Build.0 = release|x64
		{C3FD0598-706C-3F58-B50C-196CE4BF15FE}.debug|x64.ActiveCfg = debug|x64
		{C3FD0598-706C-3F58-B50C-196CE4BF15FE}.debug|x64.Build.0 = debug|x64
		{C3FD0598-706C-3F58-B50C-196CE4BF15FE}.checked|x64.ActiveCfg = checked|x64
		{C3FD0598-706C-3F58-B50C-196CE4BF15FE}.checked|x64.Build.0 = checked|x64
		{C3FD0598-706C-3F58-B50C-196CE4BF15FE}.profile|x64.ActiveCfg = profile|x64
		{C3FD0598-706C-3F58-B50C-196CE4BF15FE}.profile|x64.Build.0 = profile|x64
		{C3FD0598-706C-3F58-B50C-196CE4BF15FE}.release|x64.ActiveCfg = release|x64
		{C3FD0598-706C-3F58-B50C-196CE4BF15FE}.release|x64.Build.0 = release|x64
		{E32A05AA-E938-3A27-84C6-F5A960D41428}.debug|x64.ActiveCfg = debug|x64
		{E32A05AA-E938-3A27-84C6-F5A960D41428}.debug|x64.Build.0 = debug|x64
		{E32A05AA-E938-3A27-84C6-F5A960D41428}.checked|x64.ActiveCfg = checked|x64
		{E32A05AA-E938-3A27-84C6-F5A960D41428}.checked|x64.Build.0 = checked|x64
		{E32A05AA-E938-3A27-84C6-F5A960D41428}.profile|x64.ActiveCfg = profile|x64
		{E32A05AA-E938-3A27-84C6-F5A960D41428}.profile|x64.Build.0 = profile|x64
		{E32A05AA-E938-3A27-84C6-F5A960D41428}.release|x64.ActiveCfg = release|x64
		{E32A05AA-E938-3A27-84C6-F5A960D41428}.release|x64.Build.0 = release|x64
		{04C28D17-08CD-33C7-9E81-47BBF685812F}.debug|x64.ActiveCfg = debug|x64
		{04C28D17-08CD-33C7-9E81-47BBF685812F}.debug|x64.Build.0 = debug|x64
		{04C28D17-08CD-33C7-9E81-47BBF685812F}.checked|x64.ActiveCfg = checked|x64
		{04C28D17-08CD-33C7-9E81-47BBF685812F}.checked|x64.Build.0 = checked|x64
		{04C28D17-08CD-33C7-9E81-47BBF685812F}.profile|x64.ActiveCfg = profile|x64
		{04C28D17-08CD-33C7-9E81-47BBF685812F}.profile|x64.Build.0 = profile|x64
		{04C28D17-08CD-33C7-9E81-47BBF685812F}.release|x64.ActiveCfg = release|x64
		{04C28D17-08CD-33C7-9E81-47BBF685812F}.release|x64.Build.0 = release|x64
		{0C11B4A4-E157-308A-9425-5927AB1FC090}.debug|x64.ActiveCfg = debug|x64
		{0C11B4A4-E157-308A-9425-5927AB1FC090}.debug|x64.Build.0 = debug|x64
		{0C11B4A4-E157-308A-9425-5927AB1FC090}.checked|x64.ActiveCfg = checked|x64
		{0C11B4A4-E157-308A-9425-5927AB1FC090}.checked|x64.Build.0 = checked|x64
		{0C11B4A4-E157-308A-9425-5927AB1FC090}.profile|x64.ActiveCfg = profile|x64
		{0C11B4A4-E157-308A-9425-5927AB1FC090}.profile|x64.Build.0 = profile|x64
		{0C11B4A4-E157-308A-9425-5927AB1FC090}.release|x64.ActiveCfg = release|x64
		{0C11B4A4-E157-308A-9425-5927AB1FC090}.release|x64.Build.0 = release|x64
		{4F2C5E84-FF61-3DA9-809A-396B9034A6FB}.debug|x64.ActiveCfg = debug|x64
		{4F2C5E84-FF61-3DA9-809A-396B9034A6FB}.debug|x64.Build.0 = debug|x64
		{4F2C5E84-FF61-3DA9-809A-396B9034A6FB}.checked|x64.ActiveCfg = checked|x64
		{4F2C5E84-FF61-3DA9-809A-396B9034A6FB}.checked|x64.Build.0 = checked|x64
		{4F2C5E84-FF61-3DA9-809A-396B9034A6FB}.profile|x64.ActiveCfg = profile|x64
		{4F2C5E84-FF61-3DA9-809A-396B9034A6FB}.profile|x64.Build.0 = profile|x64
		{4F2C5E84-FF61-3DA9-809A-396B9034A6FB}.release|x64.ActiveCfg = release|x64
		{4F2C5E84-FF61-3DA9-809A-396B9034A6FB}.release|x64.Build.0 = release|x64
		{E0E9A173-5997-3838-BBF5-56DE80773CFF}.debug|x64.ActiveCfg = debug|x64
		{E0E9A173-5997-3838-BBF5-56DE80773CFF}.debug|x64.Build.0 = debug|x64
		{E0E9A173-5997-3838-BBF5-56DE80773CFF}.checked|x64.ActiveCfg = checked|x64
		{E0E9A173-5997-3838-BBF5-56DE80773CFF}.checked|x64.Build.0 = checked|x64
		{E0E9A173-5997-3838-BBF5-56DE80773CFF}.profile|x64.ActiveCfg = profile|x64
		{E0E9A173-5997-3838-BBF5-56DE80773CFF}.profile|x64.Build.0 = profile|x64
		{E0E9A173-5997-3838-BBF5-56DE80773CFF}.release|x64.ActiveCfg = release|x64
		{E0E9A173-5997-3838-BBF5-56DE80773CFF}.release|x64.Build.0 = release|x64
		{7E9D7E0F-B4D2-3DEA-99F2-F576B62A042E}.debug|x64.ActiveCfg = debug|x64
		{7E9D7E0F-B4D2-3DEA-99F2-F576B62A042E}.debug|x64.Build.0 = debug|x64
		{7E9D7E0F-B4D2-3DEA-99F2-F576B62A042E}.checked|x64.ActiveCfg = checked|x64
		{7E9D7E0F-B4D2-3DEA-99F2-F576B62A042E}.checked|x64.Build.0 = checked|x64
		{7E9D7E0F-B4D2-3DEA-99F2-F576B62A042E}.profile|x64.ActiveCfg = profile|x64
		{7E9D7E0F-B4D2-3DEA-99F2-F576B62A042E}.profile|x64.Build.0 = profile|x64
		{7E9D7E0F-B4D2-3DEA-99F2-F576B62A042E}.release|x64.ActiveCfg = release|x64
		{7E9D7E0F-B4D2-3DEA-99F2-F576B62A042E}.release|x64.Build.0 = release|x64
		{AEF0F86F-6A68-3ECF-AF03-A781845A063D}.debug|x64.ActiveCfg = debug|x64
		{AEF0F86F-6A68-3ECF-AF03-A781845A063D}.debug|x64.Build.0 = debug|x64
		{AEF0F86F-6A68-3ECF-AF03-A781845A063D}.checked|x64.ActiveCfg = checked|x64
		{AEF0F86F-6A68-3ECF-AF03-A781845A063D}.checked|x64.Build.0 = checked|x64
		{AEF0F86F-6A68-3ECF-AF03-A781845A063D}.profile|x64.ActiveCfg = profile|x64
		{AEF0F86F-6A68-3ECF-AF03-A781845A063D}.profile|x64.Build.0 = profile|x64
		{AEF0F86F-6A68-3ECF-AF03-A781845A063D}.release|x64.ActiveCfg = release|x64
		{AEF0F86F-6A68-3ECF-AF03-A781845A063D}.release|x64.Build.0 = release|x64
		{3002B9FB-5C30-3F3E-B5AD-DFC8B36919EA}.debug|x64.ActiveCfg = debug|x64
		{3002B9FB-5C30-3F3E-B5AD-DFC8B36919EA}.debug|x64.Build.0 = debug|x64
		{3002B9FB-5C30-3F3E-B5AD-DFC8B36919EA}.checked|x64.ActiveCfg = checked|x64
		{3002B9FB-5C30-3F3E-B5AD-DFC8B36919EA}.checked|x64.Build.0 = checked|x64
		{3002B9FB-5C30-3F3E-B5AD-DFC8B36919EA}.profile|x64.ActiveCfg = profile|x64
		{3002B9FB-5C30-3F3E-B5AD-DFC8B36919EA}.profile|x64.Build.0 = profile|x64
		{3002B9FB-5C30-3F3E-B5AD-DFC8B36919EA}.release|x64.ActiveCfg = release|x64
		{3002B9FB-5C30-3F3E-B5AD-DFC8B36919EA}.release|x64.Build.0 = release|x64
		{2EC9BF9B-2E39-31B3-BD24-F8A4C2871B63}.debug|x64.ActiveCfg = debug|x64
		{2EC9BF9B-2E39-31B3-BD24-F8A4C2871B63}.debug|x64.Build.0 = debug|x64
		{2EC9BF9B-2E39-31B3-BD24-F8A4C2871B63}.checked|x64.ActiveCfg = checked|x64
		{2EC9BF9B-2E39-31B3-BD24-F8A4C2871B63}.checked|x64.Build.0 = checked|x64
		{2EC9BF9B-2E39-31B3-BD24-F8A4C2871B63}.profile|x64.ActiveCfg = profile|x64
		{2EC9BF9B-2E39-31B3-BD24-F8A4C2871B63}.profile|x64.Build.0 = profile|x64
		{2EC9BF9B-2E39-31B3-BD24-F8A4C2871B63}.release|x64.ActiveCfg = release|x64
		{2EC9BF9B-2E39-31B3-BD24-F8A4C2871B63}.release|x64.Build.0 = release|x64
		{7EC20D0A-45B5-31C5-A2C3-8C43BFF3B648}.debug|x64.ActiveCfg = debug|x64
		{7EC20D0A-45B5-31C5-A2C3-8C43BFF3B648}.debug|x64.Build.0 = debug|x64
		{7EC20D0A-45B5-31C5-A2C3-8C43BFF3B648}.checked|x64.ActiveCfg = checked|x64
		{7EC20D0A-45B5-31C5-A2C3-8C43BFF3B648}.checked|x64.Build.0 = checked|x64
		{7EC20D0A-45B5-31C5-A2C3-8C43BFF3B648}.profile|x64.ActiveCfg = profile|x64
		{7EC20D0A-45B5-31C5-A2C3-8C43BFF3B648}.profile|x64.Build.0 = profile|x64
		{7EC20D0A-45B5-31C5-A2C3-8C43BFF3B648}.release|x64.ActiveCfg = release|x64
		{7EC20D0A-45B5-31C5-A2C3-8C43BFF3B648}.release|x64.Build.0 = release|x64
		{923F45CD-1220-3EE2-BCE6-E8E32438F807}.debug|x64.ActiveCfg = debug|x64
		{923F45CD-1220-3EE2-BCE6-E8E32438F807}.debug|x64.Build.0 = debug|x64
		{923F45CD-1220-3EE2-BCE6-E8E32438F807}.checked|x64.ActiveCfg = checked|x64
		{923F45CD-1220-3EE2-BCE6-E8E32438F807}.checked|x64.Build.0 = checked|x64
		{923F45CD-1220-3EE2-BCE6-E8E32438F807}.profile|x64.ActiveCfg = profile|x64
		{923F45CD-1220-3EE2-BCE6-E8E32438F807}.profile|x64.Build.0 = profile|x64
		{923F45CD-1220-3EE2-BCE6-E8E32438F807}.release|x64.ActiveCfg = release|x64
		{923F45CD-1220-3EE2-BCE6-E8E32438F807}.release|x64.Build.0 = release|x64
		{FB336FC5-EC7F-3E63-875C-40745CA83F73}.debug|x64.ActiveCfg = debug|x64
		{FB336FC5-EC7F-3E63-875C-40745CA83F73}.debug|x64.Build.0 = debug|x64
		{FB336FC5-EC7F-3E63-875C-40745CA83F73}.checked|x64.ActiveCfg = checked|x64
		{FB336FC5-EC7F-3E63-875C-40745CA83F73}.checked|x64.Build.0 = checked|x64
		{FB336FC5-EC7F-3E63-875C-40745CA83F73}.profile|x64.ActiveCfg = profile|x64
		{FB336FC5-EC7F-3E63-875C-40745CA83F73}.profile|x64.Build.0 = profile|x64
		{FB336FC5-EC7F-3E63-875C-40745CA83F73}.release|x64.ActiveCfg = release|x64
		{FB336FC5-EC7F-3E63-875C-40745CA83F73}.release|x64.Build.0 = release|x64
		{6952D580-0D8E-3E9D-86C3-131BAB2DA5BC}.debug|x64.ActiveCfg = debug|x64
		{6952D580-0D8E-3E9D-86C3-131BAB2DA5BC}.debug|x64.Build.0 = debug|x64
		{6952D580-0D8E-3E9D-86C3-131BAB2DA5BC}.checked|x64.ActiveCfg = checked|x64
		{6952D580-0D8E-3E9D-86C3-131BAB2DA5BC}.checked|x64.Build.0 = checked|x64
		{6952D580-0D8E-3E9D-86C3-131BAB2DA5BC}.profile|x64.ActiveCfg = profile|x64
		{6952D580-0D8E-3E9D-86C3-131BAB2DA5BC}.profile|x64.Build.0 = profile|x64
		{6952D580-0D8E-3E9D-86C3-131BAB2DA5BC}.release|x64.ActiveCfg = release|x64
		{6952D580-0D8E-3E9D-86C3-131BAB2DA5BC}.release|x64.Build.0 = release|x64
		{4CF640E4-F2C8-35B5-891C-49D302E48C07}.debug|x64.ActiveCfg = debug|x64
		{4CF640E4-F2C8-35B5-891C-49D302E48C07}.debug|x64.Build.0 = debug|x64
		{4CF640E4-F2C8-35B5-891C-49D302E48C07}.checked|x64.ActiveCfg = checked|x64
		{4CF640E4-F2C8-35B5-891C-49D302E48C07}.checked|x64.Build.0 = checked|x64
		{4CF640E4-F2C8-35B5-891C-49D302E48C07}.profile|x64.ActiveCfg = profile|x64
		{4CF640E4-F2C8-35B5-891C-49D302E48C07}.profile|x64.Build.0 = profile|x64
		{4CF640E4-F2C8-35B5-891C-49D302E48C07}.release|x64.ActiveCfg = release|x64
		{4CF640E4-F2C8-35B5-891C-49D302E48C07}.release|x64.Build.0 = release|x64
		{06387B31-C4E3-3441-A161-7D6D820776AB}.debug|x64.ActiveCfg = debug|x64
		{06387B31-C4E3-3441-A161-7D6D820776AB}.debug|x64.Build.0 = debug|x64
		{06387B31-C4E3-3441-A161-7D6D820776AB}.checked|x64.ActiveCfg = checked|x64
		{06387B31-C4E3-3441-A161-7D6D820776AB}.checked|x64.Build.0 = checked|x64
		{06387B31-C4E3-3441-A161-7D6D820776AB}.profile|x64.ActiveCfg = profile|x64
		{06387B31-C4E3-3441-A161-7D6D820776AB}.profile|x64.Build.0 = profile|x64
		{06387B31-C4E3-3441-A161-7D6D820776AB}.release|x64.ActiveCfg = release|x64
		{06387B31-C4E3-3441-A161-7D6D820776AB}.release|x64.Build.0 = release|x64
		{DA53FE08-1DAB-3C62-B21C-0A670F6E08C2}.debug|x64.ActiveCfg = debug|x64
		{DA53FE08-1DAB-3C62-B21C-0A670F6E08C2}.debug|x64.Build.0 = debug|x64
		{DA53FE08-1DAB-3C62-B21C-0A670F6E08C2}.checked|x64.ActiveCfg = checked|x64
		{DA53FE08-1DAB-3C62-B21C-0A670F6E08C2}.checked|x64.Build.0 = checked|x64
		{DA53FE08-1DAB-3C62-B21C-0A670F6E08C2}.profile|x64.ActiveCfg = profile|x64
		{DA53FE08-1DAB-3C62-B21C-0A670F6E08C2}.profile|x64.Build.0 = profile|x64
		{DA53FE08-1DAB-3C62-B21C-0A670F6E08C2}.release|x64.ActiveCfg = release|x64
		{DA53FE08-1DAB-3C62-B21C-0A670F6E08C2}.release|x64.Build.0 = release|x64
		{621F918B-A564-3B5E-91E7-B3D83D98749A}.debug|x64.ActiveCfg = debug|x64
		{621F918B-A564-3B5E-91E7-B3D83D98749A}.debug|x64.Build.0 = debug|x64
		{621F918B-A564-3B5E-91E7-B3D83D98749A}.checked|x64.ActiveCfg = checked|x64
		{621F918B-A564-3B5E-91E7-B3D83D98749A}.checked|x64.Build.0 = checked|x64
		{621F918B-A564-3B5E-91E7-B3D83D98749A}.profile|x64.ActiveCfg = profile|x64
		{621F918B-A564-3B5E-91E7-B3D83D98749A}.profile|x64.Build.0 = profile|x64
		{621F918B-A564-3B5E-91E7-B3D83D98749A}.release|x64.ActiveCfg = release|x64
		{621F918B-A564-3B5E-91E7-B3D83D98749A}.release|x64.Build.0 = release|x64
		{4721255E-B9A2-310D-80A0-A237F9913BAB}.debug|x64.ActiveCfg = debug|x64
		{4721255E-B9A2-310D-80A0-A237F9913BAB}.debug|x64.Build.0 = debug|x64
		{4721255E-B9A2-310D-80A0-A237F9913BAB}.checked|x64.ActiveCfg = checked|x64
		{4721255E-B9A2-310D-80A0-A237F9913BAB}.checked|x64.Build.0 = checked|x64
		{4721255E-B9A2-310D-80A0-A237F9913BAB}.profile|x64.ActiveCfg = profile|x64
		{4721255E-B9A2-310D-80A0-A237F9913BAB}.profile|x64.Build.0 = profile|x64
		{4721255E-B9A2-310D-80A0-A237F9913BAB}.release|x64.ActiveCfg = release|x64
		{4721255E-B9A2-310D-80A0-A237F9913BAB}.release|x64.Build.0 = release|x64
		{5A68F80E-AF9B-34F8-BB17-B3416B5C8B05}.debug|x64.ActiveCfg = debug|x64
		{5A68F80E-AF9B-34F8-BB17-B3416B5C8B05}.debug|x64.Build.0 = debug|x64
		{5A68F80E-AF9B-34F8-BB17-B3416B5C8B05}.checked|x64.ActiveCfg = checked|x64
		{5A68F80E-AF9B-34F8-BB17-B3416B5C8B05}.checked|x64.Build.0 = checked|x64
		{5A68F80E-AF9B-34F8-BB17-B3416B5C8B05}.profile|x64.ActiveCfg = profile|x64
		{5A68F80E-AF9B-34F8-BB17-B3416B5C8B05}.profile|x64.Build.0 = profile|x64
		{5A68F80E-AF9B-34F8-BB17-B3416B5C8B05}.release|x64.ActiveCfg = release|x64
		{5A68F80E-AF9B-34F8-BB17-B3416B5C8B05}.release|x64.Build.0 = release|x64
		{FF4F9CDA-3A03-35D1-B291-BF7DA5699078}.debug|x64.ActiveCfg = debug|x64
		{FF4F9CDA-3A03-35D1-B291-BF7DA5699078}.debug|x64.Build.0 = debug|x64
		{FF4F9CDA-3A03-35D1-B291-BF7DA5699078}.checked|x64.ActiveCfg = checked|x64
		{FF4F9CDA-3A03-35D1-B291-BF7DA5699078}.checked|x64.Build.0 = checked|x64
		{FF4F9CDA-3A03-35D1-B291-BF7DA5699078}.profile|x64.ActiveCfg = profile|x64
		{FF4F9CDA-3A03-35D1-B291-BF7DA5699078}.profile|x64.Build.0 = profile|x64
		{FF4F9CDA-3A03-35D1-B291-BF7DA5699078}.release|x64.ActiveCfg = release|x64
		{FF4F9CDA-3A03-35D1-B291-BF7DA5699078}.release|x64.Build.0 = release|x64
		{7E4A6BC3-1385-38D5-AD43-CE1C1F494B56}.debug|x64.ActiveCfg = debug|x64
		{7E4A6BC3-1385-38D5-AD43-CE1C1F494B56}.debug|x64.Build.0 = debug|x64
		{7E4A6BC3-1385-38D5-AD43-CE1C1F494B56}.checked|x64.ActiveCfg = checked|x64
		{7E4A6BC3-1385-38D5-AD43-CE1C1F494B56}.checked|x64.Build.0 = checked|x64
		{7E4A6BC3-1385-38D5-AD43-CE1C1F494B56}.profile|x64.ActiveCfg = profile|x64
		{7E4A6BC3-1385-38D5-AD43-CE1C1F494B56}.profile|x64.Build.0 = profile|x64
		{7E4A6BC3-1385-38D5-AD43-CE1C1F494B56}.release|x64.ActiveCfg = release|x64
		{7E4A6BC3-1385-38D5-AD43-CE1C1F494B56}.release|x64.Build.0 = release|x64
		{A2420C0E-7FBE-311B-B90C-BE8F658422D6}.debug|x64.ActiveCfg = debug|x64
		{A2420C0E-7FBE-311B-B90C-BE8F658422D6}.debug|x64.Build.0 = debug|x64
		{A2420C0E-7FBE-311B-B90C-BE8F658422D6}.checked|x64.ActiveCfg = checked|x64
		{A2420C0E-7FBE-311B-B90C-BE8F658422D6}.checked|x64.Build.0 = checked|x64
		{A2420C0E-7FBE-311B-B90C-BE8F658422D6}.profile|x64.ActiveCfg = profile|x64
		{A2420C0E-7FBE-311B-B90C-BE8F658422D6}.profile|x64.Build.0 = profile|x64
		{A2420C0E-7FBE-311B-B90C-BE8F658422D6}.release|x64.ActiveCfg = release|x64
		{A2420C0E-7FBE-311B-B90C-BE8F658422D6}.release|x64.Build.0 = release|x64
		{455AF355-967F-39E1-8B12-6823F763D5DA}.debug|x64.ActiveCfg = debug|x64
		{455AF355-967F-39E1-8B12-6823F763D5DA}.debug|x64.Build.0 = debug|x64
		{455AF355-967F-39E1-8B12-6823F763D5DA}.checked|x64.ActiveCfg = checked|x64
		{455AF355-967F-39E1-8B12-6823F763D5DA}.checked|x64.Build.0 = checked|x64
		{455AF355-967F-39E1-8B12-6823F763D5DA}.profile|x64.ActiveCfg = profile|x64
		{455AF355-967F-39E1-8B12-6823F763D5DA}.profile|x64.Build.0 = profile|x64
		{455AF355-967F-39E1-8B12-6823F763D5DA}.release|x64.ActiveCfg = release|x64
		{455AF355-967F-39E1-8B12-6823F763D5DA}.release|x64.Build.0 = release|x64
		{07BF6ABB-6F8C-3308-AFFD-0B4348D7D81E}.debug|x64.ActiveCfg = debug|x64
		{07BF6ABB-6F8C-3308-AFFD-0B4348D7D81E}.debug|x64.Build.0 = debug|x64
		{07BF6ABB-6F8C-3308-AFFD-0B4348D7D81E}.checked|x64.ActiveCfg = checked|x64
		{07BF6ABB-6F8C-3308-AFFD-0B4348D7D81E}.checked|x64.Build.0 = checked|x64
		{07BF6ABB-6F8C-3308-AFFD-0B4348D7D81E}.profile|x64.ActiveCfg = profile|x64
		{07BF6ABB-6F8C-3308-AFFD-0B4348D7D81E}.profile|x64.Build.0 = profile|x64
		{07BF6ABB-6F8C-3308-AFFD-0B4348D7D81E}.release|x64.ActiveCfg = release|x64
		{07BF6ABB-6F8C-3308-AFFD-0B4348D7D81E}.release|x64.Build.0 = release|x64
		{84042797-2970-3764-A521-A02A115E3604}.debug|x64.ActiveCfg = debug|x64
		{84042797-2970-3764-A521-A02A115E3604}.debug|x64.Build.0 = debug|x64
		{84042797-2970-3764-A521-A02A115E3604}.checked|x64.ActiveCfg = checked|x64
		{84042797-2970-3764-A521-A02A115E3604}.checked|x64.Build.0 = checked|x64
		{84042797-2970-3764-A521-A02A115E3604}.profile|x64.ActiveCfg = profile|x64
		{84042797-2970-3764-A521-A02A115E3604}.profile|x64.Build.0 = profile|x64
		{84042797-2970-3764-A521-A02A115E3604}.release|x64.ActiveCfg = release|x64
		{84042797-2970-3764-A521-A02A115E3604}.release|x64.Build.0 = release|x64
		{06FA5309-CE50-392A-8A54-4AAC31840706}.debug|x64.ActiveCfg = debug|x64
		{06FA5309-CE50-392A-8A54-4AAC31840706}.debug|x64.Build.0 = debug|x64
		{06FA5309-CE50-392A-8A54-4AAC31840706}.checked|x64.ActiveCfg = checked|x64
		{06FA5309-CE50-392A-8A54-4AAC31840706}.checked|x64.Build.0 = checked|x64
		{06FA5309-CE50-392A-8A54-4AAC31840706}.profile|x64.ActiveCfg = profile|x64
		{06FA5309-CE50-392A-8A54-4AAC31840706}.profile|x64.Build.0 = profile|x64
		{06FA5309-CE50-392A-8A54-4AAC31840706}.release|x64.ActiveCfg = release|x64
		{06FA5309-CE50-392A-8A54-4AAC31840706}.release|x64.Build.0 = release|x64
		{8B40D86A-BBF4-3D0B-B607-2866C3D401F4}.debug|x64.ActiveCfg = debug|x64
		{8B40D86A-BBF4-3D0B-B607-2866C3D401F4}.debug|x64.Build.0 = debug|x64
		{8B40D86A-BBF4-3D0B-B607-2866C3D401F4}.checked|x64.ActiveCfg = checked|x64
		{8B40D86A-BBF4-3D0B-B607-2866C3D401F4}.checked|x64.Build.0 = checked|x64
		{8B40D86A-BBF4-3D0B-B607-2866C3D401F4}.profile|x64.ActiveCfg = profile|x64
		{8B40D86A-BBF4-3D0B-B607-2866C3D401F4}.profile|x64.Build.0 = profile|x64
		{8B40D86A-BBF4-3D0B-B607-2866C3D401F4}.release|x64.ActiveCfg = release|x64
		{8B40D86A-BBF4-3D0B-B607-2866C3D401F4}.release|x64.Build.0 = release|x64
		{09B61AF2-FB1C-3D0E-9F4A-07C87F9A7184}.debug|x64.ActiveCfg = debug|x64
		{09B61AF2-FB1C-3D0E-9F4A-07C87F9A7184}.debug|x64.Build.0 = debug|x64
		{09B61AF2-FB1C-3D0E-9F4A-07C87F9A7184}.checked|x64.ActiveCfg = checked|x64
		{09B61AF2-FB1C-3D0E-9F4A-07C87F9A7184}.checked|x64.Build.0 = checked|x64
		{09B61AF2-FB1C-3D0E-9F4A-07C87F9A7184}.profile|x64.ActiveCfg = profile|x64
		{09B61AF2-FB1C-3D0E-9F4A-07C87F9A7184}.profile|x64.Build.0 = profile|x64
		{09B61AF2-FB1C-3D0E-9F4A-07C87F9A7184}.release|x64.ActiveCfg = release|x64
		{09B61AF2-FB1C-3D0E-9F4A-07C87F9A7184}.release|x64.Build.0 = release|x64
		{A9575197-07AC-395E-B43A-4E2F64F27504}.debug|x64.ActiveCfg = debug|x64
		{A9575197-07AC-395E-B43A-4E2F64F27504}.debug|x64.Build.0 = debug|x64
		{A9575197-07AC-395E-B43A-4E2F64F27504}.checked|x64.ActiveCfg = checked|x64
		{A9575197-07AC-395E-B43A-4E2F64F27504}.checked|x64.Build.0 = checked|x64
		{A9575197-07AC-395E-B43A-4E2F64F27504}.profile|x64.ActiveCfg = profile|x64
		{A9575197-07AC-395E-B43A-4E2F64F27504}.profile|x64.Build.0 = profile|x64
		{A9575197-07AC-395E-B43A-4E2F64F27504}.release|x64.ActiveCfg = release|x64
		{A9575197-07AC-395E-B43A-4E2F64F27504}.release|x64.Build.0 = release|x64
		{F2959103-C54D-3A9A-8584-8EFD143774F1}.debug|x64.ActiveCfg = debug|x64
		{F2959103-C54D-3A9A-8584-8EFD143774F1}.debug|x64.Build.0 = debug|x64
		{F2959103-C54D-3A9A-8584-8EFD143774F1}.checked|x64.ActiveCfg = checked|x64
		{F2959103-C54D-3A9A-8584-8EFD143774F1}.checked|x64.Build.0 = checked|x64
		{F2959103-C54D-3A9A-8584-8EFD143774F1}.profile|x64.ActiveCfg = profile|x64
		{F2959103-C54D-3A9A-8584-8EFD143774F1}.profile|x64.Build.0 = profile|x64
		{F2959103-C54D-3A9A-8584-8EFD143774F1}.release|x64.ActiveCfg = release|x64
		{F2959103-C54D-3A9A-8584-8EFD143774F1}.release|x64.Build.0 = release|x64
		{038DC81E-213A-35C1-BB31-17B018FCA251}.debug|x64.ActiveCfg = debug|x64
		{038DC81E-213A-35C1-BB31-17B018FCA251}.debug|x64.Build.0 = debug|x64
		{038DC81E-213A-35C1-BB31-17B018FCA251}.checked|x64.ActiveCfg = checked|x64
		{038DC81E-213A-35C1-BB31-17B018FCA251}.checked|x64.Build.0 = checked|x64
		{038DC81E-213A-35C1-BB31-17B018FCA251}.profile|x64.ActiveCfg = profile|x64
		{038DC81E-213A-35C1-BB31-17B018FCA251}.profile|x64.Build.0 = profile|x64
		{038DC81E-213A-35C1-BB31-17B018FCA251}.release|x64.ActiveCfg = release|x64
		{038DC81E-213A-35C1-BB31-17B018FCA251}.release|x64.Build.0 = release|x64
		{53AC6B54-C973-3A15-BF74-86A34A07CA13}.debug|x64.ActiveCfg = debug|x64
		{53AC6B54-C973-3A15-BF74-86A34A07CA13}.debug|x64.Build.0 = debug|x64
		{53AC6B54-C973-3A15-BF74-86A34A07CA13}.checked|x64.ActiveCfg = checked|x64
		{53AC6B54-C973-3A15-BF74-86A34A07CA13}.checked|x64.Build.0 = checked|x64
		{53AC6B54-C973-3A15-BF74-86A34A07CA13}.profile|x64.ActiveCfg = profile|x64
		{53AC6B54-C973-3A15-BF74-86A34A07CA13}.profile|x64.Build.0 = profile|x64
		{53AC6B54-C973-3A15-BF74-86A34A07CA13}.release|x64.ActiveCfg = release|x64
		{53AC6B54-C973-3A15-BF74-86A34A07CA13}.release|x64.Build.0 = release|x64
		{45ECD856-4B4D-34F4-97A0-1948BB8CC910}.debug|x64.ActiveCfg = debug|x64
		{45ECD856-4B4D-34F4-97A0-1948BB8CC910}.debug|x64.Build.0 = debug|x64
		{45ECD856-4B4D-34F4-97A0-1948BB8CC910}.checked|x64.ActiveCfg = checked|x64
		{45ECD856-4B4D-34F4-97A0-1948BB8CC910}.checked|x64.Build.0 = checked|x64
		{45ECD856-4B4D-34F4-97A0-1948BB8CC910}.profile|x64.ActiveCfg = profile|x64
		{45ECD856-4B4D-34F4-97A0-1948BB8CC910}.profile|x64.Build.0 = profile|x64
		{45ECD856-4B4D-34F4-97A0-1948BB8CC910}.release|x64.ActiveCfg = release|x64
		{45ECD856-4B4D-34F4-97A0-1948BB8CC910}.release|x64.Build.0 = release|x64
		{B66F7AFA-8A00-3384-A3B0-0F23C7F9AFA5}.debug|x64.ActiveCfg = debug|x64
		{B66F7AFA-8A00-3384-A3B0-0F23C7F9AFA5}.debug|x64.Build.0 = debug|x64
		{B66F7AFA-8A00-3384-A3B0-0F23C7F9AFA5}.checked|x64.ActiveCfg = checked|x64
		{B66F7AFA-8A00-3384-A3B0-0F23C7F9AFA5}.checked|x64.Build.0 = checked|x64
		{B66F7AFA-8A00-3384-A3B0-0F23C7F9AFA5}.profile|x64.ActiveCfg = profile|x64
		{B66F7AFA-8A00-3384-A3B0-0F23C7F9AFA5}.profile|x64.Build.0 = profile|x64
		{B66F7AFA-8A00-3384-A3B0-0F23C7F9AFA5}.release|x64.ActiveCfg = release|x64
		{B66F7AFA-8A00-3384-A3B0-0F23C7F9AFA5}.release|x64.Build.0 = release|x64
		{E915E111-EB9A-3432-9E36-1D82E134BC1C}.debug|x64.ActiveCfg = debug|x64
		{E915E111-EB9A-3432-9E36-1D82E134BC1C}.debug|x64.Build.0 = debug|x64
		{E915E111-EB9A-3432-9E36-1D82E134BC1C}.checked|x64.ActiveCfg = checked|x64
		{E915E111-EB9A-3432-9E36-1D82E134BC1C}.checked|x64.Build.0 = checked|x64
		{E915E111-EB9A-3432-9E36-1D82E134BC1C}.profile|x64.ActiveCfg = profile|x64
		{E915E111-EB9A-3432-9E36-1D82E134BC1C}.profile|x64.Build.0 = profile|x64
		{E915E111-EB9A-3432-9E36-1D82E134BC1C}.release|x64.ActiveCfg = release|x64
		{E915E111-EB9A-3432-9E36-1D82E134BC1C}.release|x64.Build.0 = release|x64
		{B20C18A1-DEF6-3766-8B07-DF3531103679}.debug|x64.ActiveCfg = debug|x64
		{B20C18A1-DEF6-3766-8B07-DF3531103679}.debug|x64.Build.0 = debug|x64
		{B20C18A1-DEF6-3766-8B07-DF3531103679}.checked|x64.ActiveCfg = checked|x64
		{B20C18A1-DEF6-3766-8B07-DF3531103679}.checked|x64.Build.0 = checked|x64
		{B20C18A1-DEF6-3766-8B07-DF3531103679}.profile|x64.ActiveCfg = profile|x64
		{B20C18A1-DEF6-3766-8B07-DF3531103679}.profile|x64.Build.0 = profile|x64
		{B20C18A1-DEF6-3766-8B07-DF3531103679}.release|x64.ActiveCfg = release|x64
		{B20C18A1-DEF6-3766-8B07-DF3531103679}.release|x64.Build.0 = release|x64
		{B6FBA1AB-3E13-316F-A9B3-075C96D8E632}.debug|x64.ActiveCfg = debug|x64
		{B6FBA1AB-3E13-316F-A9B3-075C96D8E632}.debug|x64.Build.0 = debug|x64
		{B6FBA1AB-3E13-316F-A9B3-075C96D8E632}.checked|x64.ActiveCfg = checked|x64
		{B6FBA1AB-3E13-316F-A9B3-075C96D8E632}.checked|x64.Build.0 = checked|x64
		{B6FBA1AB-3E13-316F-A9B3-075C96D8E632}.profile|x64.ActiveCfg = profile|x64
		{B6FBA1AB-3E13-316F-A9B3-075C96D8E632}.profile|x64.Build.0 = profile|x64
		{B6FBA1AB-3E13-316F-A9B3-075C96D8E632}.release|x64.ActiveCfg = release|x64
		{B6FBA1AB-3E13-316F-A9B3-075C96D8E632}.release|x64.Build.0 = release|x64
		{92698C9F-6842-33B6-A412-3BC897BF478F}.debug|x64.ActiveCfg = debug|x64
		{92698C9F-6842-33B6-A412-3BC897BF478F}.debug|x64.Build.0 = debug|x64
		{92698C9F-6842-33B6-A412-3BC897BF478F}.checked|x64.ActiveCfg = checked|x64
		{92698C9F-6842-33B6-A412-3BC897BF478F}.checked|x64.Build.0 = checked|x64
		{92698C9F-6842-33B6-A412-3BC897BF478F}.profile|x64.ActiveCfg = profile|x64
		{92698C9F-6842-33B6-A412-3BC897BF478F}.profile|x64.Build.0 = profile|x64
		{92698C9F-6842-33B6-A412-3BC897BF478F}.release|x64.ActiveCfg = release|x64
		{92698C9F-6842-33B6-A412-3BC897BF478F}.release|x64.Build.0 = release|x64
		{43BCC4AC-9FB7-31DF-897E-622487BABF68}.debug|x64.ActiveCfg = debug|x64
		{43BCC4AC-9FB7-31DF-897E-622487BABF68}.debug|x64.Build.0 = debug|x64
		{43BCC4AC-9FB7-31DF-897E-622487BABF68}.checked|x64.ActiveCfg = checked|x64
		{43BCC4AC-9FB7-31DF-897E-622487BABF68}.checked|x64.Build.0 = checked|x64
		{43BCC4AC-9FB7-31DF-897E-622487BABF68}.profile|x64.ActiveCfg = profile|x64
		{43BCC4AC-9FB7-31DF-897E-622487BABF68}.profile|x64.Build.0 = profile|x64
		{43BCC4AC-9FB7-31DF-897E-622487BABF68}.release|x64.ActiveCfg = release|x64
		{43BCC4AC-9FB7-31DF-897E-622487BABF68}.release|x64.Build.0 = release|x64
	EndGlobalSection
	GlobalSection(NestedProjects) = preSolution
		{15FBDFE4-5EEC-34D5-84EF-11518F69EC9F} = {E19C22BF-E4D5-3844-BAA7-6377A8D710E0}
		{1EB2A897-BC38-3307-894B-0A21EDC08626} = {E19C22BF-E4D5-3844-BAA7-6377A8D710E0}
		{43BCC4AC-9FB7-31DF-897E-622487BABF68} = {E19C22BF-E4D5-3844-BAA7-6377A8D710E0}
		{55245FF2-6214-3697-8EE2-64ED799E86DE} = {45EEBD06-2523-35CC-906C-BC0F53F28B1D}
		{0E2BDDFF-7D20-3A21-88CC-3341676D84C0} = {45EEBD06-2523-35CC-906C-BC0F53F28B1D}
		{3D5D434F-86A3-34A5-AF01-96880828E99C} = {45EEBD06-2523-35CC-906C-BC0F53F28B1D}
		{D9FBC901-AF60-3C2C-946E-52D5AB425E33} = {45EEBD06-2523-35CC-906C-BC0F53F28B1D}
		{3C1490EE-C72C-31DB-8306-0604593C9207} = {45EEBD06-2523-35CC-906C-BC0F53F28B1D}
		{FB97ADB5-D68B-342A-9CFA-367C71E2584A} = {45EEBD06-2523-35CC-906C-BC0F53F28B1D}
		{B9852F41-63F0-3AC8-AC7F-2F71599FE78A} = {45EEBD06-2523-35CC-906C-BC0F53F28B1D}
		{A0940FEE-4199-3EFB-9C1C-33CCF499CC6C} = {45EEBD06-2523-35CC-906C-BC0F53F28B1D}
		{7C7B66EF-47B6-3BDA-A4A5-A01410AFCE85} = {45EEBD06-2523-35CC-906C-BC0F53F28B1D}
		{F6EE13E1-895A-3C17-BE4F-B8AE8CF6EF6E} = {45EEBD06-2523-35CC-906C-BC0F53F28B1D}
		{DAACA102-0CE9-3582-9B55-0C4731C8252A} = {45EEBD06-2523-35CC-906C-BC0F53F28B1D}
		{C67593DA-8BDD-3B3A-8ABC-998B07B0C464} = {45EEBD06-2523-35CC-906C-BC0F53F28B1D}
		{C3FD0598-706C-3F58-B50C-196CE4BF15FE} = {45EEBD06-2523-35CC-906C-BC0F53F28B1D}
		{E32A05AA-E938-3A27-84C6-F5A960D41428} = {45EEBD06-2523-35CC-906C-BC0F53F28B1D}
		{04C28D17-08CD-33C7-9E81-47BBF685812F} = {45EEBD06-2523-35CC-906C-BC0F53F28B1D}
		{0C11B4A4-E157-308A-9425-5927AB1FC090} = {803BAA77-7A15-32B8-8E12-2C3C9C3103BE}
		{4F2C5E84-FF61-3DA9-809A-396B9034A6FB} = {803BAA77-7A15-32B8-8E12-2C3C9C3103BE}
		{E0E9A173-5997-3838-BBF5-56DE80773CFF} = {803BAA77-7A15-32B8-8E12-2C3C9C3103BE}
		{7E9D7E0F-B4D2-3DEA-99F2-F576B62A042E} = {803BAA77-7A15-32B8-8E12-2C3C9C3103BE}
		{AEF0F86F-6A68-3ECF-AF03-A781845A063D} = {803BAA77-7A15-32B8-8E12-2C3C9C3103BE}
		{3002B9FB-5C30-3F3E-B5AD-DFC8B36919EA} = {803BAA77-7A15-32B8-8E12-2C3C9C3103BE}
		{2EC9BF9B-2E39-31B3-BD24-F8A4C2871B63} = {803BAA77-7A15-32B8-8E12-2C3C9C3103BE}
		{7EC20D0A-45B5-31C5-A2C3-8C43BFF3B648} = {803BAA77-7A15-32B8-8E12-2C3C9C3103BE}
		{923F45CD-1220-3EE2-BCE6-E8E32438F807} = {803BAA77-7A15-32B8-8E12-2C3C9C3103BE}
		{FB336FC5-EC7F-3E63-875C-40745CA83F73} = {803BAA77-7A15-32B8-8E12-2C3C9C3103BE}
		{6952D580-0D8E-3E9D-86C3-131BAB2DA5BC} = {803BAA77-7A15-32B8-8E12-2C3C9C3103BE}
		{4CF640E4-F2C8-35B5-891C-49D302E48C07} = {803BAA77-7A15-32B8-8E12-2C3C9C3103BE}
		{06387B31-C4E3-3441-A161-7D6D820776AB} = {803BAA77-7A15-32B8-8E12-2C3C9C3103BE}
		{DA53FE08-1DAB-3C62-B21C-0A670F6E08C2} = {803BAA77-7A15-32B8-8E12-2C3C9C3103BE}
		{621F918B-A564-3B5E-91E7-B3D83D98749A} = {803BAA77-7A15-32B8-8E12-2C3C9C3103BE}
		{4721255E-B9A2-310D-80A0-A237F9913BAB} = {803BAA77-7A15-32B8-8E12-2C3C9C3103BE}
		{5A68F80E-AF9B-34F8-BB17-B3416B5C8B05} = {803BAA77-7A15-32B8-8E12-2C3C9C3103BE}
		{FF4F9CDA-3A03-35D1-B291-BF7DA5699078} = {803BAA77-7A15-32B8-8E12-2C3C9C3103BE}
		{7E4A6BC3-1385-38D5-AD43-CE1C1F494B56} = {803BAA77-7A15-32B8-8E12-2C3C9C3103BE}
		{A2420C0E-7FBE-311B-B90C-BE8F658422D6} = {803BAA77-7A15-32B8-8E12-2C3C9C3103BE}
		{455AF355-967F-39E1-8B12-6823F763D5DA} = {803BAA77-7A15-32B8-8E12-2C3C9C3103BE}
		{07BF6ABB-6F8C-3308-AFFD-0B4348D7D81E} = {803BAA77-7A15-32B8-8E12-2C3C9C3103BE}
		{84042797-2970-3764-A521-A02A115E3604} = {803BAA77-7A15-32B8-8E12-2C3C9C3103BE}
		{06FA5309-CE50-392A-8A54-4AAC31840706} = {803BAA77-7A15-32B8-8E12-2C3C9C3103BE}
		{8B40D86A-BBF4-3D0B-B607-2866C3D401F4} = {803BAA77-7A15-32B8-8E12-2C3C9C3103BE}
		{09B61AF2-FB1C-3D0E-9F4A-07C87F9A7184} = {803BAA77-7A15-32B8-8E12-2C3C9C3103BE}
		{A9575197-07AC-395E-B43A-4E2F64F27504} = {803BAA77-7A15-32B8-8E12-2C3C9C3103BE}
		{F2959103-C54D-3A9A-8584-8EFD143774F1} = {803BAA77-7A15-32B8-8E12-2C3C9C3103BE}
		{038DC81E-213A-35C1-BB31-17B018FCA251} = {803BAA77-7A15-32B8-8E12-2C3C9C3103BE}
		{53AC6B54-C973-3A15-BF74-86A34A07CA13} = {803BAA77-7A15-32B8-8E12-2C3C9C3103BE}
		{45ECD856-4B4D-34F4-97A0-1948BB8CC910} = {803BAA77-7A15-32B8-8E12-2C3C9C3103BE}
		{B66F7AFA-8A00-3384-A3B0-0F23C7F9AFA5} = {803BAA77-7A15-32B8-8E12-2C3C9C3103BE}
		{E915E111-EB9A-3432-9E36-1D82E134BC1C} = {803BAA77-7A15-32B8-8E12-2C3C9C3103BE}
		{B20C18A1-DEF6-3766-8B07-DF3531103679} = {803BAA77-7A15-32B8-8E12-2C3C9C3103BE}
		{B6FBA1AB-3E13-316F-A9B3-075C96D8E632} = {803BAA77-7A15-32B8-8E12-2C3C9C3103BE}
		{92698C9F-6842-33B6-A412-3BC897BF478F} = {803BAA77-7A15-32B8-8E12-2C3C9C3103BE}
	EndGlobalSection
	GlobalSection(ExtensibilityGlobals) = postSolution
		SolutionGuid = {F6264A7A-C881-385E-81EC-E68ED75D77EB}
	EndGlobalSection
	GlobalSection(ExtensibilityAddIns) = postSolution
	EndGlobalSection
EndGlobal
